{
    "version": 3,
    "terraform_version": "0.11.14",
    "serial": 9,
    "lineage": "778deb69-fa4b-e144-ead5-03462e87bb31",
    "modules": [
        {
            "path": [
                "root"
            ],
            "outputs": {},
            "resources": {
                "azurerm_network_interface.myterraformnic2.0": {
                    "type": "azurerm_network_interface",
                    "depends_on": [
                        "azurerm_network_security_group.myterraformnsg2",
                        "azurerm_resource_group.rg",
                        "azurerm_subnet.myterraformsubnet2"
                    ],
                    "primary": {
                        "id": "/subscriptions/cf2be2cb-24b7-4cb0-ba3c-7bdb3966bf29/resourceGroups/infraci/providers/Microsoft.Network/networkInterfaces/myNICWUS-2-0",
                        "attributes": {
                            "applied_dns_servers.#": "0",
                            "dns_servers.#": "0",
                            "enable_accelerated_networking": "false",
                            "enable_ip_forwarding": "false",
                            "id": "/subscriptions/cf2be2cb-24b7-4cb0-ba3c-7bdb3966bf29/resourceGroups/infraci/providers/Microsoft.Network/networkInterfaces/myNICWUS-2-0",
                            "internal_dns_name_label": "",
                            "internal_fqdn": "",
                            "ip_configuration.#": "1",
                            "ip_configuration.0.application_gateway_backend_address_pools_ids.#": "0",
                            "ip_configuration.0.application_security_group_ids.#": "0",
                            "ip_configuration.0.load_balancer_backend_address_pools_ids.#": "0",
                            "ip_configuration.0.load_balancer_inbound_nat_rules_ids.#": "0",
                            "ip_configuration.0.name": "myNicConfigurationWUS-2-0",
                            "ip_configuration.0.primary": "true",
                            "ip_configuration.0.private_ip_address": "10.0.0.10",
                            "ip_configuration.0.private_ip_address_allocation": "static",
                            "ip_configuration.0.private_ip_address_version": "IPv4",
                            "ip_configuration.0.public_ip_address_id": "",
                            "ip_configuration.0.subnet_id": "/subscriptions/cf2be2cb-24b7-4cb0-ba3c-7bdb3966bf29/resourceGroups/infraci/providers/Microsoft.Network/virtualNetworks/myVNetWUS/subnets/mySubnetWUS-2",
                            "location": "westus",
                            "mac_address": "00-0D-3A-30-02-0D",
                            "name": "myNICWUS-2-0",
                            "network_security_group_id": "/subscriptions/cf2be2cb-24b7-4cb0-ba3c-7bdb3966bf29/resourceGroups/infraci/providers/Microsoft.Network/networkSecurityGroups/myNetworkSecurityGroupWUS-2",
                            "private_ip_address": "10.0.0.10",
                            "private_ip_addresses.#": "1",
                            "private_ip_addresses.0": "10.0.0.10",
                            "resource_group_name": "infraci",
                            "tags.%": "1",
                            "tags.environment": "dev",
                            "virtual_machine_id": "/subscriptions/cf2be2cb-24b7-4cb0-ba3c-7bdb3966bf29/resourceGroups/infraci/providers/Microsoft.Compute/virtualMachines/jenkins"
                        },
                        "meta": {},
                        "tainted": false
                    },
                    "deposed": [],
                    "provider": "provider.azurerm"
                },
                "azurerm_network_interface.myterraformnic2.1": {
                    "type": "azurerm_network_interface",
                    "depends_on": [
                        "azurerm_network_security_group.myterraformnsg2",
                        "azurerm_resource_group.rg",
                        "azurerm_subnet.myterraformsubnet2"
                    ],
                    "primary": {
                        "id": "/subscriptions/cf2be2cb-24b7-4cb0-ba3c-7bdb3966bf29/resourceGroups/infraci/providers/Microsoft.Network/networkInterfaces/myNICWUS-2-1",
                        "attributes": {
                            "applied_dns_servers.#": "0",
                            "dns_servers.#": "0",
                            "enable_accelerated_networking": "false",
                            "enable_ip_forwarding": "false",
                            "id": "/subscriptions/cf2be2cb-24b7-4cb0-ba3c-7bdb3966bf29/resourceGroups/infraci/providers/Microsoft.Network/networkInterfaces/myNICWUS-2-1",
                            "internal_dns_name_label": "",
                            "internal_fqdn": "",
                            "ip_configuration.#": "1",
                            "ip_configuration.0.application_gateway_backend_address_pools_ids.#": "0",
                            "ip_configuration.0.application_security_group_ids.#": "0",
                            "ip_configuration.0.load_balancer_backend_address_pools_ids.#": "0",
                            "ip_configuration.0.load_balancer_inbound_nat_rules_ids.#": "0",
                            "ip_configuration.0.name": "myNicConfigurationWUS-2-1",
                            "ip_configuration.0.primary": "true",
                            "ip_configuration.0.private_ip_address": "10.0.0.11",
                            "ip_configuration.0.private_ip_address_allocation": "static",
                            "ip_configuration.0.private_ip_address_version": "IPv4",
                            "ip_configuration.0.public_ip_address_id": "",
                            "ip_configuration.0.subnet_id": "/subscriptions/cf2be2cb-24b7-4cb0-ba3c-7bdb3966bf29/resourceGroups/infraci/providers/Microsoft.Network/virtualNetworks/myVNetWUS/subnets/mySubnetWUS-2",
                            "location": "westus",
                            "mac_address": "00-0D-3A-30-16-8C",
                            "name": "myNICWUS-2-1",
                            "network_security_group_id": "/subscriptions/cf2be2cb-24b7-4cb0-ba3c-7bdb3966bf29/resourceGroups/infraci/providers/Microsoft.Network/networkSecurityGroups/myNetworkSecurityGroupWUS-2",
                            "private_ip_address": "10.0.0.11",
                            "private_ip_addresses.#": "1",
                            "private_ip_addresses.0": "10.0.0.11",
                            "resource_group_name": "infraci",
                            "tags.%": "1",
                            "tags.environment": "dev",
                            "virtual_machine_id": "/subscriptions/cf2be2cb-24b7-4cb0-ba3c-7bdb3966bf29/resourceGroups/infraci/providers/Microsoft.Compute/virtualMachines/slave"
                        },
                        "meta": {},
                        "tainted": false
                    },
                    "deposed": [],
                    "provider": "provider.azurerm"
                },
                "azurerm_network_interface.myterraformnic2.2": {
                    "type": "azurerm_network_interface",
                    "depends_on": [
                        "azurerm_network_security_group.myterraformnsg2",
                        "azurerm_resource_group.rg",
                        "azurerm_subnet.myterraformsubnet2"
                    ],
                    "primary": {
                        "id": "/subscriptions/cf2be2cb-24b7-4cb0-ba3c-7bdb3966bf29/resourceGroups/infraci/providers/Microsoft.Network/networkInterfaces/myNICWUS-2-2",
                        "attributes": {
                            "applied_dns_servers.#": "0",
                            "dns_servers.#": "0",
                            "enable_accelerated_networking": "false",
                            "enable_ip_forwarding": "false",
                            "id": "/subscriptions/cf2be2cb-24b7-4cb0-ba3c-7bdb3966bf29/resourceGroups/infraci/providers/Microsoft.Network/networkInterfaces/myNICWUS-2-2",
                            "internal_dns_name_label": "",
                            "internal_fqdn": "",
                            "ip_configuration.#": "1",
                            "ip_configuration.0.application_gateway_backend_address_pools_ids.#": "0",
                            "ip_configuration.0.application_security_group_ids.#": "0",
                            "ip_configuration.0.load_balancer_backend_address_pools_ids.#": "0",
                            "ip_configuration.0.load_balancer_inbound_nat_rules_ids.#": "0",
                            "ip_configuration.0.name": "myNicConfigurationWUS-2-2",
                            "ip_configuration.0.primary": "true",
                            "ip_configuration.0.private_ip_address": "10.0.0.12",
                            "ip_configuration.0.private_ip_address_allocation": "static",
                            "ip_configuration.0.private_ip_address_version": "IPv4",
                            "ip_configuration.0.public_ip_address_id": "",
                            "ip_configuration.0.subnet_id": "/subscriptions/cf2be2cb-24b7-4cb0-ba3c-7bdb3966bf29/resourceGroups/infraci/providers/Microsoft.Network/virtualNetworks/myVNetWUS/subnets/mySubnetWUS-2",
                            "location": "westus",
                            "mac_address": "00-0D-3A-30-1E-29",
                            "name": "myNICWUS-2-2",
                            "network_security_group_id": "/subscriptions/cf2be2cb-24b7-4cb0-ba3c-7bdb3966bf29/resourceGroups/infraci/providers/Microsoft.Network/networkSecurityGroups/myNetworkSecurityGroupWUS-2",
                            "private_ip_address": "10.0.0.12",
                            "private_ip_addresses.#": "1",
                            "private_ip_addresses.0": "10.0.0.12",
                            "resource_group_name": "infraci",
                            "tags.%": "1",
                            "tags.environment": "dev",
                            "virtual_machine_id": "/subscriptions/cf2be2cb-24b7-4cb0-ba3c-7bdb3966bf29/resourceGroups/infraci/providers/Microsoft.Compute/virtualMachines/nexus"
                        },
                        "meta": {},
                        "tainted": false
                    },
                    "deposed": [],
                    "provider": "provider.azurerm"
                },
                "azurerm_network_security_group.myterraformnsg": {
                    "type": "azurerm_network_security_group",
                    "depends_on": [
                        "azurerm_resource_group.rg"
                    ],
                    "primary": {
                        "id": "/subscriptions/cf2be2cb-24b7-4cb0-ba3c-7bdb3966bf29/resourceGroups/infraci/providers/Microsoft.Network/networkSecurityGroups/myNetworkSecurityGroupWUS",
                        "attributes": {
                            "id": "/subscriptions/cf2be2cb-24b7-4cb0-ba3c-7bdb3966bf29/resourceGroups/infraci/providers/Microsoft.Network/networkSecurityGroups/myNetworkSecurityGroupWUS",
                            "location": "westus",
                            "name": "myNetworkSecurityGroupWUS",
                            "resource_group_name": "infraci",
                            "security_rule.#": "4",
                            "security_rule.1481143650.access": "Allow",
                            "security_rule.1481143650.description": "",
                            "security_rule.1481143650.destination_address_prefix": "10.0.0.0/28",
                            "security_rule.1481143650.destination_address_prefixes.#": "0",
                            "security_rule.1481143650.destination_application_security_group_ids.#": "0",
                            "security_rule.1481143650.destination_port_range": "8081",
                            "security_rule.1481143650.destination_port_ranges.#": "0",
                            "security_rule.1481143650.direction": "Outbound",
                            "security_rule.1481143650.name": "Nexus",
                            "security_rule.1481143650.priority": "1030",
                            "security_rule.1481143650.protocol": "Tcp",
                            "security_rule.1481143650.source_address_prefix": "*",
                            "security_rule.1481143650.source_address_prefixes.#": "0",
                            "security_rule.1481143650.source_application_security_group_ids.#": "0",
                            "security_rule.1481143650.source_port_range": "*",
                            "security_rule.1481143650.source_port_ranges.#": "0",
                            "security_rule.2358178287.access": "Allow",
                            "security_rule.2358178287.description": "",
                            "security_rule.2358178287.destination_address_prefix": "10.0.0.16/29",
                            "security_rule.2358178287.destination_address_prefixes.#": "0",
                            "security_rule.2358178287.destination_application_security_group_ids.#": "0",
                            "security_rule.2358178287.destination_port_range": "80",
                            "security_rule.2358178287.destination_port_ranges.#": "0",
                            "security_rule.2358178287.direction": "Inbound",
                            "security_rule.2358178287.name": "HTTP",
                            "security_rule.2358178287.priority": "1000",
                            "security_rule.2358178287.protocol": "Tcp",
                            "security_rule.2358178287.source_address_prefix": "*",
                            "security_rule.2358178287.source_address_prefixes.#": "0",
                            "security_rule.2358178287.source_application_security_group_ids.#": "0",
                            "security_rule.2358178287.source_port_range": "*",
                            "security_rule.2358178287.source_port_ranges.#": "0",
                            "security_rule.2402116033.access": "Allow",
                            "security_rule.2402116033.description": "",
                            "security_rule.2402116033.destination_address_prefix": "10.0.0.0/28",
                            "security_rule.2402116033.destination_address_prefixes.#": "0",
                            "security_rule.2402116033.destination_application_security_group_ids.#": "0",
                            "security_rule.2402116033.destination_port_range": "8080",
                            "security_rule.2402116033.destination_port_ranges.#": "0",
                            "security_rule.2402116033.direction": "Outbound",
                            "security_rule.2402116033.name": "Jenkins",
                            "security_rule.2402116033.priority": "1020",
                            "security_rule.2402116033.protocol": "Tcp",
                            "security_rule.2402116033.source_address_prefix": "*",
                            "security_rule.2402116033.source_address_prefixes.#": "0",
                            "security_rule.2402116033.source_application_security_group_ids.#": "0",
                            "security_rule.2402116033.source_port_range": "*",
                            "security_rule.2402116033.source_port_ranges.#": "0",
                            "security_rule.2561526245.access": "Allow",
                            "security_rule.2561526245.description": "",
                            "security_rule.2561526245.destination_address_prefix": "10.0.0.16/29",
                            "security_rule.2561526245.destination_address_prefixes.#": "0",
                            "security_rule.2561526245.destination_application_security_group_ids.#": "0",
                            "security_rule.2561526245.destination_port_range": "22",
                            "security_rule.2561526245.destination_port_ranges.#": "0",
                            "security_rule.2561526245.direction": "Inbound",
                            "security_rule.2561526245.name": "SSH",
                            "security_rule.2561526245.priority": "1010",
                            "security_rule.2561526245.protocol": "Tcp",
                            "security_rule.2561526245.source_address_prefix": "*",
                            "security_rule.2561526245.source_address_prefixes.#": "0",
                            "security_rule.2561526245.source_application_security_group_ids.#": "0",
                            "security_rule.2561526245.source_port_range": "*",
                            "security_rule.2561526245.source_port_ranges.#": "0",
                            "tags.%": "1",
                            "tags.environment": "dev"
                        },
                        "meta": {},
                        "tainted": false
                    },
                    "deposed": [],
                    "provider": "provider.azurerm"
                },
                "azurerm_network_security_group.myterraformnsg2": {
                    "type": "azurerm_network_security_group",
                    "depends_on": [
                        "azurerm_resource_group.rg"
                    ],
                    "primary": {
                        "id": "/subscriptions/cf2be2cb-24b7-4cb0-ba3c-7bdb3966bf29/resourceGroups/infraci/providers/Microsoft.Network/networkSecurityGroups/myNetworkSecurityGroupWUS-2",
                        "attributes": {
                            "id": "/subscriptions/cf2be2cb-24b7-4cb0-ba3c-7bdb3966bf29/resourceGroups/infraci/providers/Microsoft.Network/networkSecurityGroups/myNetworkSecurityGroupWUS-2",
                            "location": "westus",
                            "name": "myNetworkSecurityGroupWUS-2",
                            "resource_group_name": "infraci",
                            "security_rule.#": "6",
                            "security_rule.2601751976.access": "Allow",
                            "security_rule.2601751976.description": "",
                            "security_rule.2601751976.destination_address_prefix": "10.0.0.0/28",
                            "security_rule.2601751976.destination_address_prefixes.#": "0",
                            "security_rule.2601751976.destination_application_security_group_ids.#": "0",
                            "security_rule.2601751976.destination_port_range": "8080",
                            "security_rule.2601751976.destination_port_ranges.#": "0",
                            "security_rule.2601751976.direction": "Inbound",
                            "security_rule.2601751976.name": "HTTP2",
                            "security_rule.2601751976.priority": "1100",
                            "security_rule.2601751976.protocol": "Tcp",
                            "security_rule.2601751976.source_address_prefix": "10.0.0.16/29",
                            "security_rule.2601751976.source_address_prefixes.#": "0",
                            "security_rule.2601751976.source_application_security_group_ids.#": "0",
                            "security_rule.2601751976.source_port_range": "*",
                            "security_rule.2601751976.source_port_ranges.#": "0",
                            "security_rule.2802797061.access": "Allow",
                            "security_rule.2802797061.description": "",
                            "security_rule.2802797061.destination_address_prefix": "*",
                            "security_rule.2802797061.destination_address_prefixes.#": "0",
                            "security_rule.2802797061.destination_application_security_group_ids.#": "0",
                            "security_rule.2802797061.destination_port_range": "8080",
                            "security_rule.2802797061.destination_port_ranges.#": "0",
                            "security_rule.2802797061.direction": "Outbound",
                            "security_rule.2802797061.name": "HTTP-o",
                            "security_rule.2802797061.priority": "1120",
                            "security_rule.2802797061.protocol": "Tcp",
                            "security_rule.2802797061.source_address_prefix": "10.0.0.0/28",
                            "security_rule.2802797061.source_address_prefixes.#": "0",
                            "security_rule.2802797061.source_application_security_group_ids.#": "0",
                            "security_rule.2802797061.source_port_range": "*",
                            "security_rule.2802797061.source_port_ranges.#": "0",
                            "security_rule.3438357419.access": "Allow",
                            "security_rule.3438357419.description": "",
                            "security_rule.3438357419.destination_address_prefix": "*",
                            "security_rule.3438357419.destination_address_prefixes.#": "0",
                            "security_rule.3438357419.destination_application_security_group_ids.#": "0",
                            "security_rule.3438357419.destination_port_range": "80",
                            "security_rule.3438357419.destination_port_ranges.#": "0",
                            "security_rule.3438357419.direction": "Outbound",
                            "security_rule.3438357419.name": "HTTP3",
                            "security_rule.3438357419.priority": "1101",
                            "security_rule.3438357419.protocol": "Tcp",
                            "security_rule.3438357419.source_address_prefix": "10.0.0.0/28",
                            "security_rule.3438357419.source_address_prefixes.#": "0",
                            "security_rule.3438357419.source_application_security_group_ids.#": "0",
                            "security_rule.3438357419.source_port_range": "*",
                            "security_rule.3438357419.source_port_ranges.#": "0",
                            "security_rule.3894864114.access": "Allow",
                            "security_rule.3894864114.description": "",
                            "security_rule.3894864114.destination_address_prefix": "10.0.0.0/28",
                            "security_rule.3894864114.destination_address_prefixes.#": "0",
                            "security_rule.3894864114.destination_application_security_group_ids.#": "0",
                            "security_rule.3894864114.destination_port_range": "8081",
                            "security_rule.3894864114.destination_port_ranges.#": "0",
                            "security_rule.3894864114.direction": "Inbound",
                            "security_rule.3894864114.name": "HTTP4",
                            "security_rule.3894864114.priority": "1102",
                            "security_rule.3894864114.protocol": "Tcp",
                            "security_rule.3894864114.source_address_prefix": "*",
                            "security_rule.3894864114.source_address_prefixes.#": "0",
                            "security_rule.3894864114.source_application_security_group_ids.#": "0",
                            "security_rule.3894864114.source_port_range": "*",
                            "security_rule.3894864114.source_port_ranges.#": "0",
                            "security_rule.3979261522.access": "Allow",
                            "security_rule.3979261522.description": "",
                            "security_rule.3979261522.destination_address_prefix": "*",
                            "security_rule.3979261522.destination_address_prefixes.#": "0",
                            "security_rule.3979261522.destination_application_security_group_ids.#": "0",
                            "security_rule.3979261522.destination_port_range": "*",
                            "security_rule.3979261522.destination_port_ranges.#": "0",
                            "security_rule.3979261522.direction": "Outbound",
                            "security_rule.3979261522.name": "HTTP5",
                            "security_rule.3979261522.priority": "1103",
                            "security_rule.3979261522.protocol": "Tcp",
                            "security_rule.3979261522.source_address_prefix": "10.0.0.0/28",
                            "security_rule.3979261522.source_address_prefixes.#": "0",
                            "security_rule.3979261522.source_application_security_group_ids.#": "0",
                            "security_rule.3979261522.source_port_range": "8081",
                            "security_rule.3979261522.source_port_ranges.#": "0",
                            "security_rule.4212580080.access": "Allow",
                            "security_rule.4212580080.description": "",
                            "security_rule.4212580080.destination_address_prefix": "10.0.0.0/28",
                            "security_rule.4212580080.destination_address_prefixes.#": "0",
                            "security_rule.4212580080.destination_application_security_group_ids.#": "0",
                            "security_rule.4212580080.destination_port_range": "22",
                            "security_rule.4212580080.destination_port_ranges.#": "0",
                            "security_rule.4212580080.direction": "Inbound",
                            "security_rule.4212580080.name": "SSH",
                            "security_rule.4212580080.priority": "1110",
                            "security_rule.4212580080.protocol": "Tcp",
                            "security_rule.4212580080.source_address_prefix": "*",
                            "security_rule.4212580080.source_address_prefixes.#": "0",
                            "security_rule.4212580080.source_application_security_group_ids.#": "0",
                            "security_rule.4212580080.source_port_range": "*",
                            "security_rule.4212580080.source_port_ranges.#": "0",
                            "tags.%": "1",
                            "tags.environment": "dev"
                        },
                        "meta": {},
                        "tainted": false
                    },
                    "deposed": [],
                    "provider": "provider.azurerm"
                },
                "azurerm_resource_group.rg": {
                    "type": "azurerm_resource_group",
                    "depends_on": [],
                    "primary": {
                        "id": "/subscriptions/cf2be2cb-24b7-4cb0-ba3c-7bdb3966bf29/resourceGroups/infraci",
                        "attributes": {
                            "id": "/subscriptions/cf2be2cb-24b7-4cb0-ba3c-7bdb3966bf29/resourceGroups/infraci",
                            "location": "westus",
                            "name": "infraci",
                            "tags.%": "0"
                        },
                        "meta": {},
                        "tainted": false
                    },
                    "deposed": [],
                    "provider": "provider.azurerm"
                },
                "azurerm_storage_account.mystorageaccount": {
                    "type": "azurerm_storage_account",
                    "depends_on": [
                        "azurerm_resource_group.rg",
                        "random_id.randomId"
                    ],
                    "primary": {
                        "id": "/subscriptions/cf2be2cb-24b7-4cb0-ba3c-7bdb3966bf29/resourceGroups/infraci/providers/Microsoft.Storage/storageAccounts/diagac3793bb93129f81",
                        "attributes": {
                            "access_tier": "",
                            "account_encryption_source": "Microsoft.Storage",
                            "account_kind": "Storage",
                            "account_replication_type": "LRS",
                            "account_tier": "Standard",
                            "account_type": "Standard_LRS",
                            "enable_blob_encryption": "true",
                            "enable_file_encryption": "true",
                            "enable_https_traffic_only": "false",
                            "id": "/subscriptions/cf2be2cb-24b7-4cb0-ba3c-7bdb3966bf29/resourceGroups/infraci/providers/Microsoft.Storage/storageAccounts/diagac3793bb93129f81",
                            "identity.#": "0",
                            "is_hns_enabled": "false",
                            "location": "westus",
                            "name": "diagac3793bb93129f81",
                            "network_rules.#": "0",
                            "primary_access_key": "lZ0SVlJzhVIRSiJ5zJCGWOvmi3tiLph3eUM8WREIinUu8ycZ8BiAr/WWoGY1STgCevQ/0o9r8nGFGiapF97rsA==",
                            "primary_blob_connection_string": "DefaultEndpointsProtocol=https;BlobEndpoint=https://diagac3793bb93129f81.blob.core.windows.net/;AccountName=diagac3793bb93129f81;AccountKey=lZ0SVlJzhVIRSiJ5zJCGWOvmi3tiLph3eUM8WREIinUu8ycZ8BiAr/WWoGY1STgCevQ/0o9r8nGFGiapF97rsA==",
                            "primary_blob_endpoint": "https://diagac3793bb93129f81.blob.core.windows.net/",
                            "primary_blob_host": "diagac3793bb93129f81.blob.core.windows.net",
                            "primary_connection_string": "DefaultEndpointsProtocol=https;AccountName=diagac3793bb93129f81;AccountKey=lZ0SVlJzhVIRSiJ5zJCGWOvmi3tiLph3eUM8WREIinUu8ycZ8BiAr/WWoGY1STgCevQ/0o9r8nGFGiapF97rsA==;EndpointSuffix=core.windows.net",
                            "primary_dfs_endpoint": "",
                            "primary_dfs_host": "",
                            "primary_file_endpoint": "https://diagac3793bb93129f81.file.core.windows.net/",
                            "primary_file_host": "diagac3793bb93129f81.file.core.windows.net",
                            "primary_location": "westus",
                            "primary_queue_endpoint": "https://diagac3793bb93129f81.queue.core.windows.net/",
                            "primary_queue_host": "diagac3793bb93129f81.queue.core.windows.net",
                            "primary_table_endpoint": "https://diagac3793bb93129f81.table.core.windows.net/",
                            "primary_table_host": "diagac3793bb93129f81.table.core.windows.net",
                            "primary_web_endpoint": "",
                            "primary_web_host": "",
                            "resource_group_name": "infraci",
                            "secondary_access_key": "OhhTbd0BxFtnbv+KfG8CR8yvDbZIr9uanOQwTWevSOYWcNQn+dJnwX7BZOdZNW8UOyJHzaLoIFNtZuY2cQ/v1g==",
                            "secondary_blob_connection_string": "",
                            "secondary_connection_string": "DefaultEndpointsProtocol=https;AccountName=diagac3793bb93129f81;AccountKey=OhhTbd0BxFtnbv+KfG8CR8yvDbZIr9uanOQwTWevSOYWcNQn+dJnwX7BZOdZNW8UOyJHzaLoIFNtZuY2cQ/v1g==;EndpointSuffix=core.windows.net",
                            "secondary_location": "",
                            "tags.%": "1",
                            "tags.environment": "dev"
                        },
                        "meta": {
                            "schema_version": "2"
                        },
                        "tainted": false
                    },
                    "deposed": [],
                    "provider": "provider.azurerm"
                },
                "azurerm_subnet.myterraformsubnet": {
                    "type": "azurerm_subnet",
                    "depends_on": [
                        "azurerm_network_security_group.myterraformnsg",
                        "azurerm_resource_group.rg",
                        "azurerm_virtual_network.myterraformnetwork"
                    ],
                    "primary": {
                        "id": "/subscriptions/cf2be2cb-24b7-4cb0-ba3c-7bdb3966bf29/resourceGroups/infraci/providers/Microsoft.Network/virtualNetworks/myVNetWUS/subnets/mySubnetWUS",
                        "attributes": {
                            "address_prefix": "10.0.0.16/29",
                            "delegation.#": "0",
                            "id": "/subscriptions/cf2be2cb-24b7-4cb0-ba3c-7bdb3966bf29/resourceGroups/infraci/providers/Microsoft.Network/virtualNetworks/myVNetWUS/subnets/mySubnetWUS",
                            "ip_configurations.#": "0",
                            "name": "mySubnetWUS",
                            "network_security_group_id": "/subscriptions/cf2be2cb-24b7-4cb0-ba3c-7bdb3966bf29/resourceGroups/infraci/providers/Microsoft.Network/networkSecurityGroups/myNetworkSecurityGroupWUS",
                            "resource_group_name": "infraci",
                            "route_table_id": "",
                            "service_endpoints.#": "0",
                            "virtual_network_name": "myVNetWUS"
                        },
                        "meta": {},
                        "tainted": false
                    },
                    "deposed": [],
                    "provider": "provider.azurerm"
                },
                "azurerm_subnet.myterraformsubnet2": {
                    "type": "azurerm_subnet",
                    "depends_on": [
                        "azurerm_network_security_group.myterraformnsg2",
                        "azurerm_resource_group.rg",
                        "azurerm_virtual_network.myterraformnetwork"
                    ],
                    "primary": {
                        "id": "/subscriptions/cf2be2cb-24b7-4cb0-ba3c-7bdb3966bf29/resourceGroups/infraci/providers/Microsoft.Network/virtualNetworks/myVNetWUS/subnets/mySubnetWUS-2",
                        "attributes": {
                            "address_prefix": "10.0.0.0/28",
                            "delegation.#": "0",
                            "id": "/subscriptions/cf2be2cb-24b7-4cb0-ba3c-7bdb3966bf29/resourceGroups/infraci/providers/Microsoft.Network/virtualNetworks/myVNetWUS/subnets/mySubnetWUS-2",
                            "ip_configurations.#": "3",
                            "ip_configurations.1506745469": "/subscriptions/cf2be2cb-24b7-4cb0-ba3c-7bdb3966bf29/resourceGroups/infraci/providers/Microsoft.Network/networkInterfaces/myNICWUS-2-0/ipConfigurations/myNicConfigurationWUS-2-0",
                            "ip_configurations.3817934229": "/subscriptions/cf2be2cb-24b7-4cb0-ba3c-7bdb3966bf29/resourceGroups/infraci/providers/Microsoft.Network/networkInterfaces/myNICWUS-2-2/ipConfigurations/myNicConfigurationWUS-2-2",
                            "ip_configurations.81794185": "/subscriptions/cf2be2cb-24b7-4cb0-ba3c-7bdb3966bf29/resourceGroups/infraci/providers/Microsoft.Network/networkInterfaces/myNICWUS-2-1/ipConfigurations/myNicConfigurationWUS-2-1",
                            "name": "mySubnetWUS-2",
                            "network_security_group_id": "/subscriptions/cf2be2cb-24b7-4cb0-ba3c-7bdb3966bf29/resourceGroups/infraci/providers/Microsoft.Network/networkSecurityGroups/myNetworkSecurityGroupWUS-2",
                            "resource_group_name": "infraci",
                            "route_table_id": "",
                            "service_endpoints.#": "0",
                            "virtual_network_name": "myVNetWUS"
                        },
                        "meta": {},
                        "tainted": false
                    },
                    "deposed": [],
                    "provider": "provider.azurerm"
                },
                "azurerm_subnet_network_security_group_association.associate": {
                    "type": "azurerm_subnet_network_security_group_association",
                    "depends_on": [
                        "azurerm_network_security_group.myterraformnsg",
                        "azurerm_subnet.myterraformsubnet"
                    ],
                    "primary": {
                        "id": "/subscriptions/cf2be2cb-24b7-4cb0-ba3c-7bdb3966bf29/resourceGroups/infraci/providers/Microsoft.Network/virtualNetworks/myVNetWUS/subnets/mySubnetWUS",
                        "attributes": {
                            "id": "/subscriptions/cf2be2cb-24b7-4cb0-ba3c-7bdb3966bf29/resourceGroups/infraci/providers/Microsoft.Network/virtualNetworks/myVNetWUS/subnets/mySubnetWUS",
                            "network_security_group_id": "/subscriptions/cf2be2cb-24b7-4cb0-ba3c-7bdb3966bf29/resourceGroups/infraci/providers/Microsoft.Network/networkSecurityGroups/myNetworkSecurityGroupWUS",
                            "subnet_id": "/subscriptions/cf2be2cb-24b7-4cb0-ba3c-7bdb3966bf29/resourceGroups/infraci/providers/Microsoft.Network/virtualNetworks/myVNetWUS/subnets/mySubnetWUS"
                        },
                        "meta": {},
                        "tainted": false
                    },
                    "deposed": [],
                    "provider": "provider.azurerm"
                },
                "azurerm_subnet_network_security_group_association.associate2": {
                    "type": "azurerm_subnet_network_security_group_association",
                    "depends_on": [
                        "azurerm_network_security_group.myterraformnsg2",
                        "azurerm_subnet.myterraformsubnet2"
                    ],
                    "primary": {
                        "id": "/subscriptions/cf2be2cb-24b7-4cb0-ba3c-7bdb3966bf29/resourceGroups/infraci/providers/Microsoft.Network/virtualNetworks/myVNetWUS/subnets/mySubnetWUS-2",
                        "attributes": {
                            "id": "/subscriptions/cf2be2cb-24b7-4cb0-ba3c-7bdb3966bf29/resourceGroups/infraci/providers/Microsoft.Network/virtualNetworks/myVNetWUS/subnets/mySubnetWUS-2",
                            "network_security_group_id": "/subscriptions/cf2be2cb-24b7-4cb0-ba3c-7bdb3966bf29/resourceGroups/infraci/providers/Microsoft.Network/networkSecurityGroups/myNetworkSecurityGroupWUS-2",
                            "subnet_id": "/subscriptions/cf2be2cb-24b7-4cb0-ba3c-7bdb3966bf29/resourceGroups/infraci/providers/Microsoft.Network/virtualNetworks/myVNetWUS/subnets/mySubnetWUS-2"
                        },
                        "meta": {},
                        "tainted": false
                    },
                    "deposed": [],
                    "provider": "provider.azurerm"
                },
                "azurerm_virtual_machine.myterraformvm2.0": {
                    "type": "azurerm_virtual_machine",
                    "depends_on": [
                        "azurerm_network_interface.myterraformnic2.*",
                        "azurerm_resource_group.rg",
                        "azurerm_storage_account.mystorageaccount"
                    ],
                    "primary": {
                        "id": "/subscriptions/cf2be2cb-24b7-4cb0-ba3c-7bdb3966bf29/resourceGroups/infraci/providers/Microsoft.Compute/virtualMachines/jenkins",
                        "attributes": {
                            "boot_diagnostics.#": "1",
                            "boot_diagnostics.0.enabled": "true",
                            "boot_diagnostics.0.storage_uri": "https://diagac3793bb93129f81.blob.core.windows.net/",
                            "delete_data_disks_on_termination": "false",
                            "delete_os_disk_on_termination": "false",
                            "id": "/subscriptions/cf2be2cb-24b7-4cb0-ba3c-7bdb3966bf29/resourceGroups/infraci/providers/Microsoft.Compute/virtualMachines/jenkins",
                            "identity.#": "0",
                            "location": "westus",
                            "name": "jenkins",
                            "network_interface_ids.#": "1",
                            "network_interface_ids.0": "/subscriptions/cf2be2cb-24b7-4cb0-ba3c-7bdb3966bf29/resourceGroups/infraci/providers/Microsoft.Network/networkInterfaces/myNICWUS-2-0",
                            "os_profile.#": "1",
                            "os_profile.319296366.admin_password": "",
                            "os_profile.319296366.admin_username": "azureuser",
                            "os_profile.319296366.computer_name": "slave-0",
                            "os_profile.319296366.custom_data": "",
                            "os_profile_linux_config.#": "1",
                            "os_profile_linux_config.69840937.disable_password_authentication": "true",
                            "os_profile_linux_config.69840937.ssh_keys.#": "1",
                            "os_profile_linux_config.69840937.ssh_keys.0.key_data": "ssh-rsa AAAAB3NzaC1yc2EAAAADAQABAAABAQCym+NouF8g0DKCnFhRX6qHBVYXyaTyiPZkwL33Hr4GrYFREP4cDeTNnklIeRwXfXdgOjF5QBnMGQIKe6pki/CoulTkElz62rCOKPVmMYuudTEMmBN7eYOihDPP4Q9BrmDTakwwMpTTNxiPwpjPZaeU8UUVwKQWYDngSOX40oLW68A6oe4QGkbi2j9XqF/HbOuq7dwQV49ZPwZXiIiK0W/NZjyd7vBqUZlifwHJoVxOVhi7zjxUlHESg1qGkWWboiBnXi1a3nq/MOHlGxGdVlhQiWS+zefZsm9ZlpTSUNEuJTOaL874HcF9DtFVl3zCKeAhMzLFp5RpOJkr0taWLAgN user01@localhost.localdomain",
                            "os_profile_linux_config.69840937.ssh_keys.0.path": "/home/azureuser/.ssh/authorized_keys",
                            "os_profile_secrets.#": "0",
                            "os_profile_windows_config.#": "0",
                            "plan.#": "0",
                            "resource_group_name": "infraci",
                            "storage_data_disk.#": "0",
                            "storage_image_reference.#": "1",
                            "storage_image_reference.3276981797.id": "",
                            "storage_image_reference.3276981797.offer": "CentOS",
                            "storage_image_reference.3276981797.publisher": "OpenLogic",
                            "storage_image_reference.3276981797.sku": "7.5",
                            "storage_image_reference.3276981797.version": "latest",
                            "storage_os_disk.#": "1",
                            "storage_os_disk.0.caching": "ReadWrite",
                            "storage_os_disk.0.create_option": "FromImage",
                            "storage_os_disk.0.disk_size_gb": "30",
                            "storage_os_disk.0.image_uri": "",
                            "storage_os_disk.0.managed_disk_id": "/subscriptions/cf2be2cb-24b7-4cb0-ba3c-7bdb3966bf29/resourceGroups/infraci/providers/Microsoft.Compute/disks/slave-osdisk-0",
                            "storage_os_disk.0.managed_disk_type": "Premium_LRS",
                            "storage_os_disk.0.name": "slave-osdisk-0",
                            "storage_os_disk.0.os_type": "Linux",
                            "storage_os_disk.0.vhd_uri": "",
                            "storage_os_disk.0.write_accelerator_enabled": "false",
                            "tags.%": "2",
                            "tags.environment": "dev",
                            "tags.name": "jenkins",
                            "vm_size": "Standard_B1ms",
                            "zones.#": "0"
                        },
                        "meta": {},
                        "tainted": false
                    },
                    "deposed": [],
                    "provider": "provider.azurerm"
                },
                "azurerm_virtual_machine.myterraformvm2.1": {
                    "type": "azurerm_virtual_machine",
                    "depends_on": [
                        "azurerm_network_interface.myterraformnic2.*",
                        "azurerm_resource_group.rg",
                        "azurerm_storage_account.mystorageaccount"
                    ],
                    "primary": {
                        "id": "/subscriptions/cf2be2cb-24b7-4cb0-ba3c-7bdb3966bf29/resourceGroups/infraci/providers/Microsoft.Compute/virtualMachines/slave",
                        "attributes": {
                            "boot_diagnostics.#": "1",
                            "boot_diagnostics.0.enabled": "true",
                            "boot_diagnostics.0.storage_uri": "https://diagac3793bb93129f81.blob.core.windows.net/",
                            "delete_data_disks_on_termination": "false",
                            "delete_os_disk_on_termination": "false",
                            "id": "/subscriptions/cf2be2cb-24b7-4cb0-ba3c-7bdb3966bf29/resourceGroups/infraci/providers/Microsoft.Compute/virtualMachines/slave",
                            "identity.#": "0",
                            "location": "westus",
                            "name": "slave",
                            "network_interface_ids.#": "1",
                            "network_interface_ids.0": "/subscriptions/cf2be2cb-24b7-4cb0-ba3c-7bdb3966bf29/resourceGroups/infraci/providers/Microsoft.Network/networkInterfaces/myNICWUS-2-1",
                            "os_profile.#": "1",
                            "os_profile.169026095.admin_password": "",
                            "os_profile.169026095.admin_username": "azureuser",
                            "os_profile.169026095.computer_name": "slave-1",
                            "os_profile.169026095.custom_data": "",
                            "os_profile_linux_config.#": "1",
                            "os_profile_linux_config.69840937.disable_password_authentication": "true",
                            "os_profile_linux_config.69840937.ssh_keys.#": "1",
                            "os_profile_linux_config.69840937.ssh_keys.0.key_data": "ssh-rsa AAAAB3NzaC1yc2EAAAADAQABAAABAQCym+NouF8g0DKCnFhRX6qHBVYXyaTyiPZkwL33Hr4GrYFREP4cDeTNnklIeRwXfXdgOjF5QBnMGQIKe6pki/CoulTkElz62rCOKPVmMYuudTEMmBN7eYOihDPP4Q9BrmDTakwwMpTTNxiPwpjPZaeU8UUVwKQWYDngSOX40oLW68A6oe4QGkbi2j9XqF/HbOuq7dwQV49ZPwZXiIiK0W/NZjyd7vBqUZlifwHJoVxOVhi7zjxUlHESg1qGkWWboiBnXi1a3nq/MOHlGxGdVlhQiWS+zefZsm9ZlpTSUNEuJTOaL874HcF9DtFVl3zCKeAhMzLFp5RpOJkr0taWLAgN user01@localhost.localdomain",
                            "os_profile_linux_config.69840937.ssh_keys.0.path": "/home/azureuser/.ssh/authorized_keys",
                            "os_profile_secrets.#": "0",
                            "os_profile_windows_config.#": "0",
                            "plan.#": "0",
                            "resource_group_name": "infraci",
                            "storage_data_disk.#": "0",
                            "storage_image_reference.#": "1",
                            "storage_image_reference.3276981797.id": "",
                            "storage_image_reference.3276981797.offer": "CentOS",
                            "storage_image_reference.3276981797.publisher": "OpenLogic",
                            "storage_image_reference.3276981797.sku": "7.5",
                            "storage_image_reference.3276981797.version": "latest",
                            "storage_os_disk.#": "1",
                            "storage_os_disk.0.caching": "ReadWrite",
                            "storage_os_disk.0.create_option": "FromImage",
                            "storage_os_disk.0.disk_size_gb": "30",
                            "storage_os_disk.0.image_uri": "",
                            "storage_os_disk.0.managed_disk_id": "/subscriptions/cf2be2cb-24b7-4cb0-ba3c-7bdb3966bf29/resourceGroups/infraci/providers/Microsoft.Compute/disks/slave-osdisk-1",
                            "storage_os_disk.0.managed_disk_type": "Premium_LRS",
                            "storage_os_disk.0.name": "slave-osdisk-1",
                            "storage_os_disk.0.os_type": "Linux",
                            "storage_os_disk.0.vhd_uri": "",
                            "storage_os_disk.0.write_accelerator_enabled": "false",
                            "tags.%": "2",
                            "tags.environment": "dev",
                            "tags.name": "maven",
                            "vm_size": "Standard_B1ms",
                            "zones.#": "0"
                        },
                        "meta": {},
                        "tainted": false
                    },
                    "deposed": [],
                    "provider": "provider.azurerm"
                },
                "azurerm_virtual_machine.myterraformvm2.2": {
                    "type": "azurerm_virtual_machine",
                    "depends_on": [
                        "azurerm_network_interface.myterraformnic2.*",
                        "azurerm_resource_group.rg",
                        "azurerm_storage_account.mystorageaccount"
                    ],
                    "primary": {
                        "id": "/subscriptions/cf2be2cb-24b7-4cb0-ba3c-7bdb3966bf29/resourceGroups/infraci/providers/Microsoft.Compute/virtualMachines/nexus",
                        "attributes": {
                            "boot_diagnostics.#": "1",
                            "boot_diagnostics.0.enabled": "true",
                            "boot_diagnostics.0.storage_uri": "https://diagac3793bb93129f81.blob.core.windows.net/",
                            "delete_data_disks_on_termination": "false",
                            "delete_os_disk_on_termination": "false",
                            "id": "/subscriptions/cf2be2cb-24b7-4cb0-ba3c-7bdb3966bf29/resourceGroups/infraci/providers/Microsoft.Compute/virtualMachines/nexus",
                            "identity.#": "0",
                            "location": "westus",
                            "name": "nexus",
                            "network_interface_ids.#": "1",
                            "network_interface_ids.0": "/subscriptions/cf2be2cb-24b7-4cb0-ba3c-7bdb3966bf29/resourceGroups/infraci/providers/Microsoft.Network/networkInterfaces/myNICWUS-2-2",
                            "os_profile.#": "1",
                            "os_profile.557740524.admin_password": "",
                            "os_profile.557740524.admin_username": "azureuser",
                            "os_profile.557740524.computer_name": "slave-2",
                            "os_profile.557740524.custom_data": "",
                            "os_profile_linux_config.#": "1",
                            "os_profile_linux_config.69840937.disable_password_authentication": "true",
                            "os_profile_linux_config.69840937.ssh_keys.#": "1",
                            "os_profile_linux_config.69840937.ssh_keys.0.key_data": "ssh-rsa AAAAB3NzaC1yc2EAAAADAQABAAABAQCym+NouF8g0DKCnFhRX6qHBVYXyaTyiPZkwL33Hr4GrYFREP4cDeTNnklIeRwXfXdgOjF5QBnMGQIKe6pki/CoulTkElz62rCOKPVmMYuudTEMmBN7eYOihDPP4Q9BrmDTakwwMpTTNxiPwpjPZaeU8UUVwKQWYDngSOX40oLW68A6oe4QGkbi2j9XqF/HbOuq7dwQV49ZPwZXiIiK0W/NZjyd7vBqUZlifwHJoVxOVhi7zjxUlHESg1qGkWWboiBnXi1a3nq/MOHlGxGdVlhQiWS+zefZsm9ZlpTSUNEuJTOaL874HcF9DtFVl3zCKeAhMzLFp5RpOJkr0taWLAgN user01@localhost.localdomain",
                            "os_profile_linux_config.69840937.ssh_keys.0.path": "/home/azureuser/.ssh/authorized_keys",
                            "os_profile_secrets.#": "0",
                            "os_profile_windows_config.#": "0",
                            "plan.#": "0",
                            "resource_group_name": "infraci",
                            "storage_data_disk.#": "0",
                            "storage_image_reference.#": "1",
                            "storage_image_reference.3276981797.id": "",
                            "storage_image_reference.3276981797.offer": "CentOS",
                            "storage_image_reference.3276981797.publisher": "OpenLogic",
                            "storage_image_reference.3276981797.sku": "7.5",
                            "storage_image_reference.3276981797.version": "latest",
                            "storage_os_disk.#": "1",
                            "storage_os_disk.0.caching": "ReadWrite",
                            "storage_os_disk.0.create_option": "FromImage",
                            "storage_os_disk.0.disk_size_gb": "30",
                            "storage_os_disk.0.image_uri": "",
                            "storage_os_disk.0.managed_disk_id": "/subscriptions/cf2be2cb-24b7-4cb0-ba3c-7bdb3966bf29/resourceGroups/infraci/providers/Microsoft.Compute/disks/slave-osdisk-2",
                            "storage_os_disk.0.managed_disk_type": "Premium_LRS",
                            "storage_os_disk.0.name": "slave-osdisk-2",
                            "storage_os_disk.0.os_type": "Linux",
                            "storage_os_disk.0.vhd_uri": "",
                            "storage_os_disk.0.write_accelerator_enabled": "false",
                            "tags.%": "2",
                            "tags.environment": "dev",
                            "tags.name": "nexus",
                            "vm_size": "Standard_B1ms",
                            "zones.#": "0"
                        },
                        "meta": {},
                        "tainted": false
                    },
                    "deposed": [],
                    "provider": "provider.azurerm"
                },
                "azurerm_virtual_network.myterraformnetwork": {
                    "type": "azurerm_virtual_network",
                    "depends_on": [
                        "azurerm_resource_group.rg"
                    ],
                    "primary": {
                        "id": "/subscriptions/cf2be2cb-24b7-4cb0-ba3c-7bdb3966bf29/resourceGroups/infraci/providers/Microsoft.Network/virtualNetworks/myVNetWUS",
                        "attributes": {
                            "address_space.#": "1",
                            "address_space.0": "10.0.0.0/27",
                            "ddos_protection_plan.#": "0",
                            "dns_servers.#": "0",
                            "id": "/subscriptions/cf2be2cb-24b7-4cb0-ba3c-7bdb3966bf29/resourceGroups/infraci/providers/Microsoft.Network/virtualNetworks/myVNetWUS",
                            "location": "westus",
                            "name": "myVNetWUS",
                            "resource_group_name": "infraci",
                            "subnet.#": "2",
                            "subnet.3185008003.address_prefix": "10.0.0.16/29",
                            "subnet.3185008003.id": "/subscriptions/cf2be2cb-24b7-4cb0-ba3c-7bdb3966bf29/resourceGroups/infraci/providers/Microsoft.Network/virtualNetworks/myVNetWUS/subnets/mySubnetWUS",
                            "subnet.3185008003.name": "mySubnetWUS",
                            "subnet.3185008003.security_group": "/subscriptions/cf2be2cb-24b7-4cb0-ba3c-7bdb3966bf29/resourceGroups/infraci/providers/Microsoft.Network/networkSecurityGroups/myNetworkSecurityGroupWUS",
                            "subnet.641486465.address_prefix": "10.0.0.0/28",
                            "subnet.641486465.id": "/subscriptions/cf2be2cb-24b7-4cb0-ba3c-7bdb3966bf29/resourceGroups/infraci/providers/Microsoft.Network/virtualNetworks/myVNetWUS/subnets/mySubnetWUS-2",
                            "subnet.641486465.name": "mySubnetWUS-2",
                            "subnet.641486465.security_group": "/subscriptions/cf2be2cb-24b7-4cb0-ba3c-7bdb3966bf29/resourceGroups/infraci/providers/Microsoft.Network/networkSecurityGroups/myNetworkSecurityGroupWUS-2",
                            "tags.%": "0"
                        },
                        "meta": {},
                        "tainted": false
                    },
                    "deposed": [],
                    "provider": "provider.azurerm"
                },
                "random_id.randomId": {
                    "type": "random_id",
                    "depends_on": [
                        "azurerm_resource_group.rg"
                    ],
                    "primary": {
                        "id": "rDeTu5MSn4E",
                        "attributes": {
                            "b64": "rDeTu5MSn4E",
                            "b64_std": "rDeTu5MSn4E=",
                            "b64_url": "rDeTu5MSn4E",
                            "byte_length": "8",
                            "dec": "12409549732078329729",
                            "hex": "ac3793bb93129f81",
                            "id": "rDeTu5MSn4E",
                            "keepers.%": "1",
                            "keepers.resource_group": "infraci"
                        },
                        "meta": {},
                        "tainted": false
                    },
                    "deposed": [],
                    "provider": "provider.random"
                }
            },
            "depends_on": []
        }
    ]
}
