{
  "version": 4,
  "terraform_version": "1.1.9",
  "serial": 89,
  "lineage": "f5f46d84-dfaa-5502-30ec-af782cda464a",
  "outputs": {},
  "resources": [
    {
      "mode": "managed",
      "type": "azurerm_network_interface",
      "name": "myterraformnic",
      "provider": "provider[\"registry.terraform.io/hashicorp/azurerm\"]",
      "instances": [
        {
          "schema_version": 0,
          "attributes": {
            "applied_dns_servers": [],
            "dns_servers": [],
            "edge_zone": "",
            "enable_accelerated_networking": false,
            "enable_ip_forwarding": false,
            "id": "/subscriptions/ba5849ac-8446-437e-b34e-5e0b155d48f0/resourceGroups/infraci/providers/Microsoft.Network/networkInterfaces/myNICNUE",
            "internal_dns_name_label": "",
            "internal_domain_name_suffix": "rkwdhj3kzsaeph3tq0lissa5ka.fx.internal.cloudapp.net",
            "ip_configuration": [
              {
                "gateway_load_balancer_frontend_ip_configuration_id": "",
                "name": "myNicConfigurationNUE",
                "primary": true,
                "private_ip_address": "10.0.0.20",
                "private_ip_address_allocation": "Static",
                "private_ip_address_version": "IPv4",
                "public_ip_address_id": "/subscriptions/ba5849ac-8446-437e-b34e-5e0b155d48f0/resourceGroups/infraci/providers/Microsoft.Network/publicIPAddresses/adminIP",
                "subnet_id": "/subscriptions/ba5849ac-8446-437e-b34e-5e0b155d48f0/resourceGroups/infraci/providers/Microsoft.Network/virtualNetworks/myVNetNUE/subnets/mySubnetNUE"
              }
            ],
            "location": "northeurope",
            "mac_address": "",
            "name": "myNICNUE",
            "private_ip_address": "10.0.0.20",
            "private_ip_addresses": [
              "10.0.0.20"
            ],
            "resource_group_name": "infraci",
            "tags": {
              "environment": "dev"
            },
            "timeouts": null,
            "virtual_machine_id": ""
          },
          "sensitive_attributes": [],
          "private": "eyJlMmJmYjczMC1lY2FhLTExZTYtOGY4OC0zNDM2M2JjN2M0YzAiOnsiY3JlYXRlIjoxODAwMDAwMDAwMDAwLCJkZWxldGUiOjE4MDAwMDAwMDAwMDAsInJlYWQiOjMwMDAwMDAwMDAwMCwidXBkYXRlIjoxODAwMDAwMDAwMDAwfX0=",
          "dependencies": [
            "azurerm_public_ip.myterraformpublicip",
            "azurerm_resource_group.rg",
            "azurerm_subnet.myterraformsubnet",
            "azurerm_virtual_network.myterraformnetwork"
          ]
        }
      ]
    },
    {
      "mode": "managed",
      "type": "azurerm_network_interface",
      "name": "myterraformnic2",
      "provider": "provider[\"registry.terraform.io/hashicorp/azurerm\"]",
      "instances": [
        {
          "index_key": 0,
          "schema_version": 0,
          "attributes": {
            "applied_dns_servers": [],
            "dns_servers": [],
            "edge_zone": "",
            "enable_accelerated_networking": false,
            "enable_ip_forwarding": false,
            "id": "/subscriptions/ba5849ac-8446-437e-b34e-5e0b155d48f0/resourceGroups/infraci/providers/Microsoft.Network/networkInterfaces/myNICNUE-2-0",
            "internal_dns_name_label": "",
            "internal_domain_name_suffix": "rkwdhj3kzsaeph3tq0lissa5ka.fx.internal.cloudapp.net",
            "ip_configuration": [
              {
                "gateway_load_balancer_frontend_ip_configuration_id": "",
                "name": "myNicConfigurationNUE-2-0",
                "primary": true,
                "private_ip_address": "10.0.0.10",
                "private_ip_address_allocation": "Static",
                "private_ip_address_version": "IPv4",
                "public_ip_address_id": "",
                "subnet_id": "/subscriptions/ba5849ac-8446-437e-b34e-5e0b155d48f0/resourceGroups/infraci/providers/Microsoft.Network/virtualNetworks/myVNetNUE/subnets/mySubnetNUE-2"
              }
            ],
            "location": "northeurope",
            "mac_address": "",
            "name": "myNICNUE-2-0",
            "private_ip_address": "10.0.0.10",
            "private_ip_addresses": [
              "10.0.0.10"
            ],
            "resource_group_name": "infraci",
            "tags": {
              "environment": "dev"
            },
            "timeouts": null,
            "virtual_machine_id": ""
          },
          "sensitive_attributes": [],
          "private": "eyJlMmJmYjczMC1lY2FhLTExZTYtOGY4OC0zNDM2M2JjN2M0YzAiOnsiY3JlYXRlIjoxODAwMDAwMDAwMDAwLCJkZWxldGUiOjE4MDAwMDAwMDAwMDAsInJlYWQiOjMwMDAwMDAwMDAwMCwidXBkYXRlIjoxODAwMDAwMDAwMDAwfX0=",
          "dependencies": [
            "azurerm_resource_group.rg",
            "azurerm_subnet.myterraformsubnet2",
            "azurerm_virtual_network.myterraformnetwork"
          ]
        },
        {
          "index_key": 1,
          "schema_version": 0,
          "attributes": {
            "applied_dns_servers": [],
            "dns_servers": [],
            "edge_zone": "",
            "enable_accelerated_networking": false,
            "enable_ip_forwarding": false,
            "id": "/subscriptions/ba5849ac-8446-437e-b34e-5e0b155d48f0/resourceGroups/infraci/providers/Microsoft.Network/networkInterfaces/myNICNUE-2-1",
            "internal_dns_name_label": "",
            "internal_domain_name_suffix": "rkwdhj3kzsaeph3tq0lissa5ka.fx.internal.cloudapp.net",
            "ip_configuration": [
              {
                "gateway_load_balancer_frontend_ip_configuration_id": "",
                "name": "myNicConfigurationNUE-2-1",
                "primary": true,
                "private_ip_address": "10.0.0.11",
                "private_ip_address_allocation": "Static",
                "private_ip_address_version": "IPv4",
                "public_ip_address_id": "",
                "subnet_id": "/subscriptions/ba5849ac-8446-437e-b34e-5e0b155d48f0/resourceGroups/infraci/providers/Microsoft.Network/virtualNetworks/myVNetNUE/subnets/mySubnetNUE-2"
              }
            ],
            "location": "northeurope",
            "mac_address": "",
            "name": "myNICNUE-2-1",
            "private_ip_address": "10.0.0.11",
            "private_ip_addresses": [
              "10.0.0.11"
            ],
            "resource_group_name": "infraci",
            "tags": {
              "environment": "dev"
            },
            "timeouts": null,
            "virtual_machine_id": ""
          },
          "sensitive_attributes": [],
          "private": "eyJlMmJmYjczMC1lY2FhLTExZTYtOGY4OC0zNDM2M2JjN2M0YzAiOnsiY3JlYXRlIjoxODAwMDAwMDAwMDAwLCJkZWxldGUiOjE4MDAwMDAwMDAwMDAsInJlYWQiOjMwMDAwMDAwMDAwMCwidXBkYXRlIjoxODAwMDAwMDAwMDAwfX0=",
          "dependencies": [
            "azurerm_resource_group.rg",
            "azurerm_subnet.myterraformsubnet2",
            "azurerm_virtual_network.myterraformnetwork"
          ]
        },
        {
          "index_key": 2,
          "schema_version": 0,
          "attributes": {
            "applied_dns_servers": [],
            "dns_servers": [],
            "edge_zone": "",
            "enable_accelerated_networking": false,
            "enable_ip_forwarding": false,
            "id": "/subscriptions/ba5849ac-8446-437e-b34e-5e0b155d48f0/resourceGroups/infraci/providers/Microsoft.Network/networkInterfaces/myNICNUE-2-2",
            "internal_dns_name_label": "",
            "internal_domain_name_suffix": "rkwdhj3kzsaeph3tq0lissa5ka.fx.internal.cloudapp.net",
            "ip_configuration": [
              {
                "gateway_load_balancer_frontend_ip_configuration_id": "",
                "name": "myNicConfigurationNUE-2-2",
                "primary": true,
                "private_ip_address": "10.0.0.12",
                "private_ip_address_allocation": "Static",
                "private_ip_address_version": "IPv4",
                "public_ip_address_id": "",
                "subnet_id": "/subscriptions/ba5849ac-8446-437e-b34e-5e0b155d48f0/resourceGroups/infraci/providers/Microsoft.Network/virtualNetworks/myVNetNUE/subnets/mySubnetNUE-2"
              }
            ],
            "location": "northeurope",
            "mac_address": "",
            "name": "myNICNUE-2-2",
            "private_ip_address": "10.0.0.12",
            "private_ip_addresses": [
              "10.0.0.12"
            ],
            "resource_group_name": "infraci",
            "tags": {
              "environment": "dev"
            },
            "timeouts": null,
            "virtual_machine_id": ""
          },
          "sensitive_attributes": [],
          "private": "eyJlMmJmYjczMC1lY2FhLTExZTYtOGY4OC0zNDM2M2JjN2M0YzAiOnsiY3JlYXRlIjoxODAwMDAwMDAwMDAwLCJkZWxldGUiOjE4MDAwMDAwMDAwMDAsInJlYWQiOjMwMDAwMDAwMDAwMCwidXBkYXRlIjoxODAwMDAwMDAwMDAwfX0=",
          "dependencies": [
            "azurerm_resource_group.rg",
            "azurerm_subnet.myterraformsubnet2",
            "azurerm_virtual_network.myterraformnetwork"
          ]
        }
      ]
    },
    {
      "mode": "managed",
      "type": "azurerm_network_security_group",
      "name": "myterraformnsg",
      "provider": "provider[\"registry.terraform.io/hashicorp/azurerm\"]",
      "instances": [
        {
          "schema_version": 0,
          "attributes": {
            "id": "/subscriptions/ba5849ac-8446-437e-b34e-5e0b155d48f0/resourceGroups/infraci/providers/Microsoft.Network/networkSecurityGroups/myNetworkSecurityGroupNUE",
            "location": "northeurope",
            "name": "myNetworkSecurityGroupNUE",
            "resource_group_name": "infraci",
            "security_rule": [
              {
                "access": "Allow",
                "description": "",
                "destination_address_prefix": "10.0.0.0/28",
                "destination_address_prefixes": [],
                "destination_application_security_group_ids": [],
                "destination_port_range": "8080",
                "destination_port_ranges": [],
                "direction": "Outbound",
                "name": "Jenkins",
                "priority": 1020,
                "protocol": "Tcp",
                "source_address_prefix": "*",
                "source_address_prefixes": [],
                "source_application_security_group_ids": [],
                "source_port_range": "*",
                "source_port_ranges": []
              },
              {
                "access": "Allow",
                "description": "",
                "destination_address_prefix": "10.0.0.0/28",
                "destination_address_prefixes": [],
                "destination_application_security_group_ids": [],
                "destination_port_range": "8081",
                "destination_port_ranges": [],
                "direction": "Outbound",
                "name": "Nexus",
                "priority": 1030,
                "protocol": "Tcp",
                "source_address_prefix": "*",
                "source_address_prefixes": [],
                "source_application_security_group_ids": [],
                "source_port_range": "*",
                "source_port_ranges": []
              },
              {
                "access": "Allow",
                "description": "",
                "destination_address_prefix": "10.0.0.16/29",
                "destination_address_prefixes": [],
                "destination_application_security_group_ids": [],
                "destination_port_range": "22",
                "destination_port_ranges": [],
                "direction": "Inbound",
                "name": "SSH",
                "priority": 1010,
                "protocol": "Tcp",
                "source_address_prefix": "*",
                "source_address_prefixes": [],
                "source_application_security_group_ids": [],
                "source_port_range": "*",
                "source_port_ranges": []
              },
              {
                "access": "Allow",
                "description": "",
                "destination_address_prefix": "10.0.0.16/29",
                "destination_address_prefixes": [],
                "destination_application_security_group_ids": [],
                "destination_port_range": "80",
                "destination_port_ranges": [],
                "direction": "Inbound",
                "name": "HTTP",
                "priority": 1000,
                "protocol": "Tcp",
                "source_address_prefix": "*",
                "source_address_prefixes": [],
                "source_application_security_group_ids": [],
                "source_port_range": "*",
                "source_port_ranges": []
              }
            ],
            "tags": {
              "environment": "dev"
            },
            "timeouts": null
          },
          "sensitive_attributes": [],
          "private": "eyJlMmJmYjczMC1lY2FhLTExZTYtOGY4OC0zNDM2M2JjN2M0YzAiOnsiY3JlYXRlIjoxODAwMDAwMDAwMDAwLCJkZWxldGUiOjE4MDAwMDAwMDAwMDAsInJlYWQiOjMwMDAwMDAwMDAwMCwidXBkYXRlIjoxODAwMDAwMDAwMDAwfX0=",
          "dependencies": [
            "azurerm_resource_group.rg"
          ]
        }
      ]
    },
    {
      "mode": "managed",
      "type": "azurerm_network_security_group",
      "name": "myterraformnsg2",
      "provider": "provider[\"registry.terraform.io/hashicorp/azurerm\"]",
      "instances": [
        {
          "schema_version": 0,
          "attributes": {
            "id": "/subscriptions/ba5849ac-8446-437e-b34e-5e0b155d48f0/resourceGroups/infraci/providers/Microsoft.Network/networkSecurityGroups/myNetworkSecurityGroupNUE-2",
            "location": "northeurope",
            "name": "myNetworkSecurityGroupNUE-2",
            "resource_group_name": "infraci",
            "security_rule": [
              {
                "access": "Allow",
                "description": "",
                "destination_address_prefix": "*",
                "destination_address_prefixes": [],
                "destination_application_security_group_ids": [],
                "destination_port_range": "*",
                "destination_port_ranges": [],
                "direction": "Outbound",
                "name": "HTTP5",
                "priority": 1103,
                "protocol": "Tcp",
                "source_address_prefix": "10.0.0.0/28",
                "source_address_prefixes": [],
                "source_application_security_group_ids": [],
                "source_port_range": "8081",
                "source_port_ranges": []
              },
              {
                "access": "Allow",
                "description": "",
                "destination_address_prefix": "*",
                "destination_address_prefixes": [],
                "destination_application_security_group_ids": [],
                "destination_port_range": "80",
                "destination_port_ranges": [],
                "direction": "Outbound",
                "name": "HTTP3",
                "priority": 1101,
                "protocol": "Tcp",
                "source_address_prefix": "10.0.0.0/28",
                "source_address_prefixes": [],
                "source_application_security_group_ids": [],
                "source_port_range": "*",
                "source_port_ranges": []
              },
              {
                "access": "Allow",
                "description": "",
                "destination_address_prefix": "*",
                "destination_address_prefixes": [],
                "destination_application_security_group_ids": [],
                "destination_port_range": "8080",
                "destination_port_ranges": [],
                "direction": "Outbound",
                "name": "HTTP-o",
                "priority": 1120,
                "protocol": "Tcp",
                "source_address_prefix": "10.0.0.0/28",
                "source_address_prefixes": [],
                "source_application_security_group_ids": [],
                "source_port_range": "*",
                "source_port_ranges": []
              },
              {
                "access": "Allow",
                "description": "",
                "destination_address_prefix": "10.0.0.0/28",
                "destination_address_prefixes": [],
                "destination_application_security_group_ids": [],
                "destination_port_range": "22",
                "destination_port_ranges": [],
                "direction": "Inbound",
                "name": "SSH",
                "priority": 1110,
                "protocol": "Tcp",
                "source_address_prefix": "*",
                "source_address_prefixes": [],
                "source_application_security_group_ids": [],
                "source_port_range": "*",
                "source_port_ranges": []
              },
              {
                "access": "Allow",
                "description": "",
                "destination_address_prefix": "10.0.0.0/28",
                "destination_address_prefixes": [],
                "destination_application_security_group_ids": [],
                "destination_port_range": "8080",
                "destination_port_ranges": [],
                "direction": "Inbound",
                "name": "HTTP2",
                "priority": 1100,
                "protocol": "Tcp",
                "source_address_prefix": "10.0.0.16/29",
                "source_address_prefixes": [],
                "source_application_security_group_ids": [],
                "source_port_range": "*",
                "source_port_ranges": []
              },
              {
                "access": "Allow",
                "description": "",
                "destination_address_prefix": "10.0.0.0/28",
                "destination_address_prefixes": [],
                "destination_application_security_group_ids": [],
                "destination_port_range": "8081",
                "destination_port_ranges": [],
                "direction": "Inbound",
                "name": "HTTP4",
                "priority": 1102,
                "protocol": "Tcp",
                "source_address_prefix": "*",
                "source_address_prefixes": [],
                "source_application_security_group_ids": [],
                "source_port_range": "*",
                "source_port_ranges": []
              }
            ],
            "tags": {
              "environment": "dev"
            },
            "timeouts": null
          },
          "sensitive_attributes": [],
          "private": "eyJlMmJmYjczMC1lY2FhLTExZTYtOGY4OC0zNDM2M2JjN2M0YzAiOnsiY3JlYXRlIjoxODAwMDAwMDAwMDAwLCJkZWxldGUiOjE4MDAwMDAwMDAwMDAsInJlYWQiOjMwMDAwMDAwMDAwMCwidXBkYXRlIjoxODAwMDAwMDAwMDAwfX0=",
          "dependencies": [
            "azurerm_resource_group.rg"
          ]
        }
      ]
    },
    {
      "mode": "managed",
      "type": "azurerm_public_ip",
      "name": "myterraformpublicip",
      "provider": "provider[\"registry.terraform.io/hashicorp/azurerm\"]",
      "instances": [
        {
          "schema_version": 0,
          "attributes": {
            "allocation_method": "Static",
            "domain_name_label": "admin-projetci",
            "edge_zone": "",
            "fqdn": "admin-projetci.northeurope.cloudapp.azure.com",
            "id": "/subscriptions/ba5849ac-8446-437e-b34e-5e0b155d48f0/resourceGroups/infraci/providers/Microsoft.Network/publicIPAddresses/adminIP",
            "idle_timeout_in_minutes": 4,
            "ip_address": "20.234.96.185",
            "ip_tags": null,
            "ip_version": "IPv4",
            "location": "northeurope",
            "name": "adminIP",
            "public_ip_prefix_id": null,
            "resource_group_name": "infraci",
            "reverse_fqdn": "",
            "sku": "Basic",
            "sku_tier": "Regional",
            "tags": null,
            "timeouts": null,
            "zones": null
          },
          "sensitive_attributes": [],
          "private": "eyJlMmJmYjczMC1lY2FhLTExZTYtOGY4OC0zNDM2M2JjN2M0YzAiOnsiY3JlYXRlIjoxODAwMDAwMDAwMDAwLCJkZWxldGUiOjE4MDAwMDAwMDAwMDAsInJlYWQiOjMwMDAwMDAwMDAwMCwidXBkYXRlIjoxODAwMDAwMDAwMDAwfX0=",
          "dependencies": [
            "azurerm_resource_group.rg"
          ]
        }
      ]
    },
    {
      "mode": "managed",
      "type": "azurerm_resource_group",
      "name": "rg",
      "provider": "provider[\"registry.terraform.io/hashicorp/azurerm\"]",
      "instances": [
        {
          "schema_version": 0,
          "attributes": {
            "id": "/subscriptions/ba5849ac-8446-437e-b34e-5e0b155d48f0/resourceGroups/infraci",
            "location": "northeurope",
            "name": "infraci",
            "tags": null,
            "timeouts": null
          },
          "sensitive_attributes": [],
          "private": "eyJlMmJmYjczMC1lY2FhLTExZTYtOGY4OC0zNDM2M2JjN2M0YzAiOnsiY3JlYXRlIjo1NDAwMDAwMDAwMDAwLCJkZWxldGUiOjU0MDAwMDAwMDAwMDAsInJlYWQiOjMwMDAwMDAwMDAwMCwidXBkYXRlIjo1NDAwMDAwMDAwMDAwfX0="
        }
      ]
    },
    {
      "mode": "managed",
      "type": "azurerm_storage_account",
      "name": "mystorageaccount",
      "provider": "provider[\"registry.terraform.io/hashicorp/azurerm\"]",
      "instances": [
        {
          "schema_version": 3,
          "attributes": {
            "access_tier": "Hot",
            "account_kind": "StorageV2",
            "account_replication_type": "LRS",
            "account_tier": "Standard",
            "allow_nested_items_to_be_public": true,
            "azure_files_authentication": [],
            "blob_properties": [
              {
                "change_feed_enabled": false,
                "container_delete_retention_policy": [],
                "cors_rule": [],
                "default_service_version": "",
                "delete_retention_policy": [],
                "last_access_time_enabled": false,
                "versioning_enabled": false
              }
            ],
            "cross_tenant_replication_enabled": true,
            "custom_domain": [],
            "customer_managed_key": [],
            "edge_zone": "",
            "enable_https_traffic_only": true,
            "id": "/subscriptions/ba5849ac-8446-437e-b34e-5e0b155d48f0/resourceGroups/infraci/providers/Microsoft.Storage/storageAccounts/diaga5c354884111f539",
            "identity": [],
            "infrastructure_encryption_enabled": false,
            "is_hns_enabled": false,
            "large_file_share_enabled": null,
            "location": "northeurope",
            "min_tls_version": "TLS1_2",
            "name": "diaga5c354884111f539",
            "network_rules": [
              {
                "bypass": [
                  "AzureServices"
                ],
                "default_action": "Allow",
                "ip_rules": [],
                "private_link_access": [],
                "virtual_network_subnet_ids": []
              }
            ],
            "nfsv3_enabled": false,
            "primary_access_key": "A5dG2KEi60RKgy5mu9gB4wPstLUP/G42OyOzOXiF3U4s/f6paib7BCg9OShlPnl6up5hbTeiZXEStQLdqg5I7w==",
            "primary_blob_connection_string": "DefaultEndpointsProtocol=https;BlobEndpoint=https://diaga5c354884111f539.blob.core.windows.net/;AccountName=diaga5c354884111f539;AccountKey=A5dG2KEi60RKgy5mu9gB4wPstLUP/G42OyOzOXiF3U4s/f6paib7BCg9OShlPnl6up5hbTeiZXEStQLdqg5I7w==",
            "primary_blob_endpoint": "https://diaga5c354884111f539.blob.core.windows.net/",
            "primary_blob_host": "diaga5c354884111f539.blob.core.windows.net",
            "primary_connection_string": "DefaultEndpointsProtocol=https;AccountName=diaga5c354884111f539;AccountKey=A5dG2KEi60RKgy5mu9gB4wPstLUP/G42OyOzOXiF3U4s/f6paib7BCg9OShlPnl6up5hbTeiZXEStQLdqg5I7w==;EndpointSuffix=core.windows.net",
            "primary_dfs_endpoint": "https://diaga5c354884111f539.dfs.core.windows.net/",
            "primary_dfs_host": "diaga5c354884111f539.dfs.core.windows.net",
            "primary_file_endpoint": "https://diaga5c354884111f539.file.core.windows.net/",
            "primary_file_host": "diaga5c354884111f539.file.core.windows.net",
            "primary_location": "northeurope",
            "primary_queue_endpoint": "https://diaga5c354884111f539.queue.core.windows.net/",
            "primary_queue_host": "diaga5c354884111f539.queue.core.windows.net",
            "primary_table_endpoint": "https://diaga5c354884111f539.table.core.windows.net/",
            "primary_table_host": "diaga5c354884111f539.table.core.windows.net",
            "primary_web_endpoint": "https://diaga5c354884111f539.z16.web.core.windows.net/",
            "primary_web_host": "diaga5c354884111f539.z16.web.core.windows.net",
            "queue_encryption_key_type": "Service",
            "queue_properties": [
              {
                "cors_rule": [],
                "hour_metrics": [
                  {
                    "enabled": true,
                    "include_apis": true,
                    "retention_policy_days": 7,
                    "version": "1.0"
                  }
                ],
                "logging": [
                  {
                    "delete": false,
                    "read": false,
                    "retention_policy_days": 0,
                    "version": "1.0",
                    "write": false
                  }
                ],
                "minute_metrics": [
                  {
                    "enabled": false,
                    "include_apis": false,
                    "retention_policy_days": 0,
                    "version": "1.0"
                  }
                ]
              }
            ],
            "resource_group_name": "infraci",
            "routing": [],
            "secondary_access_key": "DSk0qkTBIs9fB80CgpzGLnBeUTnlHHomKlUxHRg3kf3GQXCg2W4Ni8hieI2nKlkrvm3TjN5x9rUpe+SusWFlJA==",
            "secondary_blob_connection_string": "",
            "secondary_blob_endpoint": null,
            "secondary_blob_host": null,
            "secondary_connection_string": "DefaultEndpointsProtocol=https;AccountName=diaga5c354884111f539;AccountKey=DSk0qkTBIs9fB80CgpzGLnBeUTnlHHomKlUxHRg3kf3GQXCg2W4Ni8hieI2nKlkrvm3TjN5x9rUpe+SusWFlJA==;EndpointSuffix=core.windows.net",
            "secondary_dfs_endpoint": null,
            "secondary_dfs_host": null,
            "secondary_file_endpoint": null,
            "secondary_file_host": null,
            "secondary_location": "",
            "secondary_queue_endpoint": null,
            "secondary_queue_host": null,
            "secondary_table_endpoint": null,
            "secondary_table_host": null,
            "secondary_web_endpoint": null,
            "secondary_web_host": null,
            "share_properties": [
              {
                "cors_rule": [],
                "retention_policy": [
                  {
                    "days": 7
                  }
                ],
                "smb": []
              }
            ],
            "shared_access_key_enabled": true,
            "static_website": [],
            "table_encryption_key_type": "Service",
            "tags": {
              "environment": "dev"
            },
            "timeouts": null
          },
          "sensitive_attributes": [],
          "private": "eyJlMmJmYjczMC1lY2FhLTExZTYtOGY4OC0zNDM2M2JjN2M0YzAiOnsiY3JlYXRlIjozNjAwMDAwMDAwMDAwLCJkZWxldGUiOjM2MDAwMDAwMDAwMDAsInJlYWQiOjMwMDAwMDAwMDAwMCwidXBkYXRlIjozNjAwMDAwMDAwMDAwfSwic2NoZW1hX3ZlcnNpb24iOiIzIn0=",
          "dependencies": [
            "azurerm_resource_group.rg",
            "random_id.randomId"
          ]
        }
      ]
    },
    {
      "mode": "managed",
      "type": "azurerm_subnet",
      "name": "myterraformsubnet",
      "provider": "provider[\"registry.terraform.io/hashicorp/azurerm\"]",
      "instances": [
        {
          "schema_version": 0,
          "attributes": {
            "address_prefixes": [
              "10.0.0.16/29"
            ],
            "delegation": [],
            "enforce_private_link_endpoint_network_policies": false,
            "enforce_private_link_service_network_policies": false,
            "id": "/subscriptions/ba5849ac-8446-437e-b34e-5e0b155d48f0/resourceGroups/infraci/providers/Microsoft.Network/virtualNetworks/myVNetNUE/subnets/mySubnetNUE",
            "name": "mySubnetNUE",
            "resource_group_name": "infraci",
            "service_endpoint_policy_ids": null,
            "service_endpoints": null,
            "timeouts": null,
            "virtual_network_name": "myVNetNUE"
          },
          "sensitive_attributes": [],
          "private": "eyJlMmJmYjczMC1lY2FhLTExZTYtOGY4OC0zNDM2M2JjN2M0YzAiOnsiY3JlYXRlIjoxODAwMDAwMDAwMDAwLCJkZWxldGUiOjE4MDAwMDAwMDAwMDAsInJlYWQiOjMwMDAwMDAwMDAwMCwidXBkYXRlIjoxODAwMDAwMDAwMDAwfX0=",
          "dependencies": [
            "azurerm_resource_group.rg",
            "azurerm_virtual_network.myterraformnetwork"
          ]
        }
      ]
    },
    {
      "mode": "managed",
      "type": "azurerm_subnet",
      "name": "myterraformsubnet2",
      "provider": "provider[\"registry.terraform.io/hashicorp/azurerm\"]",
      "instances": [
        {
          "schema_version": 0,
          "attributes": {
            "address_prefixes": [
              "10.0.0.0/28"
            ],
            "delegation": [],
            "enforce_private_link_endpoint_network_policies": false,
            "enforce_private_link_service_network_policies": false,
            "id": "/subscriptions/ba5849ac-8446-437e-b34e-5e0b155d48f0/resourceGroups/infraci/providers/Microsoft.Network/virtualNetworks/myVNetNUE/subnets/mySubnetNUE-2",
            "name": "mySubnetNUE-2",
            "resource_group_name": "infraci",
            "service_endpoint_policy_ids": null,
            "service_endpoints": null,
            "timeouts": null,
            "virtual_network_name": "myVNetNUE"
          },
          "sensitive_attributes": [],
          "private": "eyJlMmJmYjczMC1lY2FhLTExZTYtOGY4OC0zNDM2M2JjN2M0YzAiOnsiY3JlYXRlIjoxODAwMDAwMDAwMDAwLCJkZWxldGUiOjE4MDAwMDAwMDAwMDAsInJlYWQiOjMwMDAwMDAwMDAwMCwidXBkYXRlIjoxODAwMDAwMDAwMDAwfX0=",
          "dependencies": [
            "azurerm_resource_group.rg",
            "azurerm_virtual_network.myterraformnetwork"
          ]
        }
      ]
    },
    {
      "mode": "managed",
      "type": "azurerm_subnet_network_security_group_association",
      "name": "associate",
      "provider": "provider[\"registry.terraform.io/hashicorp/azurerm\"]",
      "instances": [
        {
          "schema_version": 0,
          "attributes": {
            "id": "/subscriptions/ba5849ac-8446-437e-b34e-5e0b155d48f0/resourceGroups/infraci/providers/Microsoft.Network/virtualNetworks/myVNetNUE/subnets/mySubnetNUE",
            "network_security_group_id": "/subscriptions/ba5849ac-8446-437e-b34e-5e0b155d48f0/resourceGroups/infraci/providers/Microsoft.Network/networkSecurityGroups/myNetworkSecurityGroupNUE",
            "subnet_id": "/subscriptions/ba5849ac-8446-437e-b34e-5e0b155d48f0/resourceGroups/infraci/providers/Microsoft.Network/virtualNetworks/myVNetNUE/subnets/mySubnetNUE",
            "timeouts": null
          },
          "sensitive_attributes": [],
          "private": "eyJlMmJmYjczMC1lY2FhLTExZTYtOGY4OC0zNDM2M2JjN2M0YzAiOnsiY3JlYXRlIjoxODAwMDAwMDAwMDAwLCJkZWxldGUiOjE4MDAwMDAwMDAwMDAsInJlYWQiOjMwMDAwMDAwMDAwMCwidXBkYXRlIjoxODAwMDAwMDAwMDAwfX0=",
          "dependencies": [
            "azurerm_network_security_group.myterraformnsg",
            "azurerm_resource_group.rg",
            "azurerm_subnet.myterraformsubnet",
            "azurerm_virtual_network.myterraformnetwork"
          ]
        }
      ]
    },
    {
      "mode": "managed",
      "type": "azurerm_subnet_network_security_group_association",
      "name": "associate2",
      "provider": "provider[\"registry.terraform.io/hashicorp/azurerm\"]",
      "instances": [
        {
          "schema_version": 0,
          "attributes": {
            "id": "/subscriptions/ba5849ac-8446-437e-b34e-5e0b155d48f0/resourceGroups/infraci/providers/Microsoft.Network/virtualNetworks/myVNetNUE/subnets/mySubnetNUE-2",
            "network_security_group_id": "/subscriptions/ba5849ac-8446-437e-b34e-5e0b155d48f0/resourceGroups/infraci/providers/Microsoft.Network/networkSecurityGroups/myNetworkSecurityGroupNUE-2",
            "subnet_id": "/subscriptions/ba5849ac-8446-437e-b34e-5e0b155d48f0/resourceGroups/infraci/providers/Microsoft.Network/virtualNetworks/myVNetNUE/subnets/mySubnetNUE-2",
            "timeouts": null
          },
          "sensitive_attributes": [],
          "private": "eyJlMmJmYjczMC1lY2FhLTExZTYtOGY4OC0zNDM2M2JjN2M0YzAiOnsiY3JlYXRlIjoxODAwMDAwMDAwMDAwLCJkZWxldGUiOjE4MDAwMDAwMDAwMDAsInJlYWQiOjMwMDAwMDAwMDAwMCwidXBkYXRlIjoxODAwMDAwMDAwMDAwfX0=",
          "dependencies": [
            "azurerm_network_security_group.myterraformnsg2",
            "azurerm_resource_group.rg",
            "azurerm_subnet.myterraformsubnet2",
            "azurerm_virtual_network.myterraformnetwork"
          ]
        }
      ]
    },
    {
      "mode": "managed",
      "type": "azurerm_virtual_machine",
      "name": "myterraformvm",
      "provider": "provider[\"registry.terraform.io/hashicorp/azurerm\"]",
      "instances": [
        {
          "schema_version": 0,
          "attributes": {
            "additional_capabilities": [],
            "availability_set_id": null,
            "boot_diagnostics": [
              {
                "enabled": true,
                "storage_uri": "https://diaga5c354884111f539.blob.core.windows.net/"
              }
            ],
            "delete_data_disks_on_termination": false,
            "delete_os_disk_on_termination": false,
            "id": "/subscriptions/ba5849ac-8446-437e-b34e-5e0b155d48f0/resourceGroups/infraci/providers/Microsoft.Compute/virtualMachines/admin",
            "identity": [],
            "license_type": null,
            "location": "northeurope",
            "name": "admin",
            "network_interface_ids": [
              "/subscriptions/ba5849ac-8446-437e-b34e-5e0b155d48f0/resourceGroups/infraci/providers/Microsoft.Network/networkInterfaces/myNICNUE"
            ],
            "os_profile": [
              {
                "admin_password": "",
                "admin_username": "azureuser",
                "computer_name": "admin",
                "custom_data": ""
              }
            ],
            "os_profile_linux_config": [
              {
                "disable_password_authentication": true,
                "ssh_keys": [
                  {
                    "key_data": "ssh-rsa AAAAB3NzaC1yc2EAAAADAQABAAACAQDtPhn/cnTNWvVnlDH4IRbnn87Trb4Cs/s+R9JccqEY/oTRuOBQg/AFIXRR+xsfxU0DuKa6oFU8tW0Qt55S2MW8Vz7nghiD9wwIKFX98MDAfepk79M16+Btgv/IsmbXhU2q391corChrVQsqPLcE5FxVi60XDqJx6eNyfY039/qp0/ujllVsQUvF75h+hRCSFctzMXqadIDrBCxBnR49LOyHQDDRuW/J1oJPzHJXgom54S4n844/GWvq0gB+8TMy4dr5FNxqLzGHrX1SnU68mH69gELSUGaoStXiotR/nkD/w0j9u651QUxEe+6u6BjBBKZ1Ea9d8umMTB276vEnu/3Fl722QeDd+/3+F9DFT5FJRMVpcMFIYBkHGRoQEKl12SZhTjVWfZoign2KegOcRveAX4CGNAvhvwb/xlDtzQxaSjSXF+gLp/dR/VwOgssUSdXWkxqWRUs2bsc4OPMHYwpijk6W1rlBX/+UktFD/V8fp6INp7u20OnWsmKjwj+UHJRalLxg7eoZhgmfRWwpR1c1Eu2YB/X4VcB/sCOQR49Dau2cAaqo2AiaJ1toT/FHdD9drHDTusJpPxRFcYjv9eV+hw2FOXNxpF58w7ixGSoyrDo5IHGuhg1YywBqEEKK+RvgoBi9FdVxaRhbyioIa+a8vfUUQUzmgbv4/F0KzDrlQ== azureuser@TestGitOri\n",
                    "path": "/home/azureuser/.ssh/authorized_keys"
                  }
                ]
              }
            ],
            "os_profile_secrets": [],
            "os_profile_windows_config": [],
            "plan": [],
            "primary_network_interface_id": null,
            "proximity_placement_group_id": null,
            "resource_group_name": "infraci",
            "storage_data_disk": [],
            "storage_image_reference": [
              {
                "id": "",
                "offer": "CentOS",
                "publisher": "OpenLogic",
                "sku": "7_9-gen2",
                "version": "latest"
              }
            ],
            "storage_os_disk": [
              {
                "caching": "ReadWrite",
                "create_option": "FromImage",
                "disk_size_gb": 30,
                "image_uri": "",
                "managed_disk_id": "/subscriptions/ba5849ac-8446-437e-b34e-5e0b155d48f0/resourceGroups/infraci/providers/Microsoft.Compute/disks/admin-osdisk",
                "managed_disk_type": "Premium_LRS",
                "name": "admin-osdisk",
                "os_type": "Linux",
                "vhd_uri": "",
                "write_accelerator_enabled": false
              }
            ],
            "tags": {
              "environment": "dev",
              "name": "admin"
            },
            "timeouts": null,
            "vm_size": "Standard_D2as_v5",
            "zones": null
          },
          "sensitive_attributes": [],
          "private": "eyJlMmJmYjczMC1lY2FhLTExZTYtOGY4OC0zNDM2M2JjN2M0YzAiOnsiY3JlYXRlIjozNjAwMDAwMDAwMDAwLCJkZWxldGUiOjM2MDAwMDAwMDAwMDAsInJlYWQiOjMwMDAwMDAwMDAwMCwidXBkYXRlIjozNjAwMDAwMDAwMDAwfX0=",
          "dependencies": [
            "azurerm_network_interface.myterraformnic",
            "azurerm_public_ip.myterraformpublicip",
            "azurerm_resource_group.rg",
            "azurerm_storage_account.mystorageaccount",
            "azurerm_subnet.myterraformsubnet",
            "azurerm_virtual_network.myterraformnetwork",
            "random_id.randomId"
          ]
        }
      ]
    },
    {
      "mode": "managed",
      "type": "azurerm_virtual_machine",
      "name": "myterraformvm2",
      "provider": "provider[\"registry.terraform.io/hashicorp/azurerm\"]",
      "instances": [
        {
          "index_key": 0,
          "schema_version": 0,
          "attributes": {
            "additional_capabilities": [],
            "availability_set_id": null,
            "boot_diagnostics": [
              {
                "enabled": true,
                "storage_uri": "https://diaga5c354884111f539.blob.core.windows.net/"
              }
            ],
            "delete_data_disks_on_termination": false,
            "delete_os_disk_on_termination": false,
            "id": "/subscriptions/ba5849ac-8446-437e-b34e-5e0b155d48f0/resourceGroups/infraci/providers/Microsoft.Compute/virtualMachines/jenkins",
            "identity": [],
            "license_type": null,
            "location": "northeurope",
            "name": "jenkins",
            "network_interface_ids": [
              "/subscriptions/ba5849ac-8446-437e-b34e-5e0b155d48f0/resourceGroups/infraci/providers/Microsoft.Network/networkInterfaces/myNICNUE-2-0"
            ],
            "os_profile": [
              {
                "admin_password": "",
                "admin_username": "azureuser",
                "computer_name": "slave-0",
                "custom_data": ""
              }
            ],
            "os_profile_linux_config": [
              {
                "disable_password_authentication": true,
                "ssh_keys": [
                  {
                    "key_data": "ssh-rsa AAAAB3NzaC1yc2EAAAADAQABAAACAQDtPhn/cnTNWvVnlDH4IRbnn87Trb4Cs/s+R9JccqEY/oTRuOBQg/AFIXRR+xsfxU0DuKa6oFU8tW0Qt55S2MW8Vz7nghiD9wwIKFX98MDAfepk79M16+Btgv/IsmbXhU2q391corChrVQsqPLcE5FxVi60XDqJx6eNyfY039/qp0/ujllVsQUvF75h+hRCSFctzMXqadIDrBCxBnR49LOyHQDDRuW/J1oJPzHJXgom54S4n844/GWvq0gB+8TMy4dr5FNxqLzGHrX1SnU68mH69gELSUGaoStXiotR/nkD/w0j9u651QUxEe+6u6BjBBKZ1Ea9d8umMTB276vEnu/3Fl722QeDd+/3+F9DFT5FJRMVpcMFIYBkHGRoQEKl12SZhTjVWfZoign2KegOcRveAX4CGNAvhvwb/xlDtzQxaSjSXF+gLp/dR/VwOgssUSdXWkxqWRUs2bsc4OPMHYwpijk6W1rlBX/+UktFD/V8fp6INp7u20OnWsmKjwj+UHJRalLxg7eoZhgmfRWwpR1c1Eu2YB/X4VcB/sCOQR49Dau2cAaqo2AiaJ1toT/FHdD9drHDTusJpPxRFcYjv9eV+hw2FOXNxpF58w7ixGSoyrDo5IHGuhg1YywBqEEKK+RvgoBi9FdVxaRhbyioIa+a8vfUUQUzmgbv4/F0KzDrlQ== azureuser@TestGitOri\n",
                    "path": "/home/azureuser/.ssh/authorized_keys"
                  }
                ]
              }
            ],
            "os_profile_secrets": [],
            "os_profile_windows_config": [],
            "plan": [],
            "primary_network_interface_id": null,
            "proximity_placement_group_id": null,
            "resource_group_name": "infraci",
            "storage_data_disk": [],
            "storage_image_reference": [
              {
                "id": "",
                "offer": "CentOS",
                "publisher": "OpenLogic",
                "sku": "7_9-gen2",
                "version": "latest"
              }
            ],
            "storage_os_disk": [
              {
                "caching": "ReadWrite",
                "create_option": "FromImage",
                "disk_size_gb": 30,
                "image_uri": "",
                "managed_disk_id": "/subscriptions/ba5849ac-8446-437e-b34e-5e0b155d48f0/resourceGroups/infraci/providers/Microsoft.Compute/disks/slave-osdisk-0",
                "managed_disk_type": "Premium_LRS",
                "name": "slave-osdisk-0",
                "os_type": "Linux",
                "vhd_uri": "",
                "write_accelerator_enabled": false
              }
            ],
            "tags": {
              "environment": "dev",
              "name": "jenkins"
            },
            "timeouts": null,
            "vm_size": "Standard_D2as_v5",
            "zones": null
          },
          "sensitive_attributes": [],
          "private": "eyJlMmJmYjczMC1lY2FhLTExZTYtOGY4OC0zNDM2M2JjN2M0YzAiOnsiY3JlYXRlIjozNjAwMDAwMDAwMDAwLCJkZWxldGUiOjM2MDAwMDAwMDAwMDAsInJlYWQiOjMwMDAwMDAwMDAwMCwidXBkYXRlIjozNjAwMDAwMDAwMDAwfX0=",
          "dependencies": [
            "azurerm_network_interface.myterraformnic2",
            "azurerm_resource_group.rg",
            "azurerm_storage_account.mystorageaccount",
            "azurerm_subnet.myterraformsubnet2",
            "azurerm_virtual_network.myterraformnetwork",
            "random_id.randomId"
          ]
        }
      ]
    },
    {
      "mode": "managed",
      "type": "azurerm_virtual_network",
      "name": "myterraformnetwork",
      "provider": "provider[\"registry.terraform.io/hashicorp/azurerm\"]",
      "instances": [
        {
          "schema_version": 0,
          "attributes": {
            "address_space": [
              "10.0.0.0/27"
            ],
            "bgp_community": "",
            "ddos_protection_plan": [],
            "dns_servers": [],
            "edge_zone": "",
            "flow_timeout_in_minutes": 0,
            "guid": "a733ac8a-ccaa-4780-9fb3-869689481f50",
            "id": "/subscriptions/ba5849ac-8446-437e-b34e-5e0b155d48f0/resourceGroups/infraci/providers/Microsoft.Network/virtualNetworks/myVNetNUE",
            "location": "northeurope",
            "name": "myVNetNUE",
            "resource_group_name": "infraci",
            "subnet": [],
            "tags": null,
            "timeouts": null
          },
          "sensitive_attributes": [],
          "private": "eyJlMmJmYjczMC1lY2FhLTExZTYtOGY4OC0zNDM2M2JjN2M0YzAiOnsiY3JlYXRlIjoxODAwMDAwMDAwMDAwLCJkZWxldGUiOjE4MDAwMDAwMDAwMDAsInJlYWQiOjMwMDAwMDAwMDAwMCwidXBkYXRlIjoxODAwMDAwMDAwMDAwfX0=",
          "dependencies": [
            "azurerm_resource_group.rg"
          ]
        }
      ]
    },
    {
      "mode": "managed",
      "type": "random_id",
      "name": "randomId",
      "provider": "provider[\"registry.terraform.io/hashicorp/random\"]",
      "instances": [
        {
          "schema_version": 0,
          "attributes": {
            "b64_std": "pcNUiEER9Tk=",
            "b64_url": "pcNUiEER9Tk",
            "byte_length": 8,
            "dec": "11944483580900668729",
            "hex": "a5c354884111f539",
            "id": "pcNUiEER9Tk",
            "keepers": {
              "resource_group": "infraci"
            },
            "prefix": null
          },
          "sensitive_attributes": [],
          "private": "bnVsbA==",
          "dependencies": [
            "azurerm_resource_group.rg"
          ]
        }
      ]
    }
  ]
}
