{
    "version": 3,
    "terraform_version": "0.11.14",
    "serial": 16,
    "lineage": "2c3b503d-81c7-e144-f984-4f3936a97b2b",
    "modules": [
        {
            "path": [
                "root"
            ],
            "outputs": {
                "client_certificate": {
                    "sensitive": false,
                    "type": "string",
                    "value": ""
                },
                "client_key": {
                    "sensitive": false,
                    "type": "string",
                    "value": ""
                },
                "cluster_ca_certificate": {
                    "sensitive": false,
                    "type": "string",
                    "value": "LS0tLS1CRUdJTiBDRVJUSUZJQ0FURS0tLS0tCk1JSURERENDQWZTZ0F3SUJBZ0lSQUtEMVgxVTJQOS9rTElKZy82UWpZTGN3RFFZSktvWklodmNOQVFFTEJRQXcKTHpFdE1Dc0dBMVVFQXhNa01qVXhNV05pT0dNdE1EZzBPQzAwWWpSaExXRmlaVFV0TXpFelptWmhORE0zTnpBeApNQjRYRFRFNU1EWXdOREEyTkRRek1Gb1hEVEkwTURZd01qQTNORFF6TUZvd0x6RXRNQ3NHQTFVRUF4TWtNalV4Ck1XTmlPR010TURnME9DMDBZalJoTFdGaVpUVXRNekV6Wm1aaE5ETTNOekF4TUlJQklqQU5CZ2txaGtpRzl3MEIKQVFFRkFBT0NBUThBTUlJQkNnS0NBUUVBbzVtWENUVVRERCtjN1ZRb3BXOWRIbXQxelRwak4wNHpyaXRlLzg3dAp3dnVVN0JGcU1mZkFoek83a0o5b2QyNVdzL1RCaE8zNmkrajQvVWxCelV3WU1zV0lEOVhmd2d4NCsyaktLdGNLCmhjVGRRV3ZiUUdpOG1DdmFKRXlzZUFUTWRSM29lTkgvQ210M21nY1I1NGxTVy9BQ2hhNWoxQnBuVlN2eGVlajUKVkkrbUU1bFZxbTcwa0w3c0VZZ0N5RWhOVmRQT2d5Z2xqRGFTY24xZVM0K1hjVC9XZXdkdVVJcjZDY0RXNTg2MwpjZ1ZleitrV1Q0QzNPcWVGWkFaYmFRWWhUcEQxQTdBWGhVa3BwQkhmOWsvZGdNeCszeWhSdzhiU2QzcUZyUENnCnMwakQ2YTF1ZEVvVkhBWmkyQno5T016dW1TK2pOdTRTYTFMZlpxdGNUYmUvOFFJREFRQUJveU13SVRBT0JnTlYKSFE4QkFmOEVCQU1DQWdRd0R3WURWUjBUQVFIL0JBVXdBd0VCL3pBTkJna3Foa2lHOXcwQkFRc0ZBQU9DQVFFQQpXU0cwWC9Vd3RFSmZ6NS80NTl4Q2xJYVRjTFA5OUlOdE1uZU1vSEJqbnl6YWtjU3hIUFRONmxqYkVmNDdOdk9SCk02Qjhuc1NaeDlibHZNazdQYnV0bHRtank5OG5FTFNSeThOT0lvM24rK2w0ZWdYdStVS0xPb0srWG80ZTJVWksKK0tUZ1hpMVhWT2YzWUhPODIvYWdJaGJtOTI5RnF3Nkl1REFzRGY3d1dWaXl5cDJzdEtZclhPS3VxSG9oZnJOagpadzZXZ2swbkxjWncxMXF6Vmh3UHFZaVJTL3FIK2FaaWJvU3U2U3I2ekc0Y29DWnBwM2lra2M2NWVmNW5kZTJSCnEza3NjWXNURXJYc1ZFSzNmWlY4YTlUY29YTXBON0xQS2ZCNUp6aTBHVXNQak1PYmpiRksyM0NSbzFtcGpvQS8KbzlwL1pobUxMN2YzRzRFOTV4cW9VZz09Ci0tLS0tRU5EIENFUlRJRklDQVRFLS0tLS0K"
                }
            },
            "resources": {
                "google_compute_firewall.admin": {
                    "type": "google_compute_firewall",
                    "depends_on": [
                        "google_compute_network.my-network"
                    ],
                    "primary": {
                        "id": "production-admin-firewall",
                        "attributes": {
                            "allow.#": "1",
                            "allow.1819892574.ports.#": "3",
                            "allow.1819892574.ports.0": "8080",
                            "allow.1819892574.ports.1": "22",
                            "allow.1819892574.ports.2": "80",
                            "allow.1819892574.protocol": "tcp",
                            "creation_timestamp": "2019-06-04T00:43:23.075-07:00",
                            "deny.#": "0",
                            "description": "",
                            "destination_ranges.#": "0",
                            "direction": "INGRESS",
                            "disabled": "false",
                            "id": "production-admin-firewall",
                            "name": "production-admin-firewall",
                            "network": "https://www.googleapis.com/compute/v1/projects/united-lane-241907/global/networks/production",
                            "priority": "1000",
                            "project": "united-lane-241907",
                            "self_link": "https://www.googleapis.com/compute/v1/projects/united-lane-241907/global/firewalls/production-admin-firewall",
                            "source_ranges.#": "1",
                            "source_ranges.1080289494": "0.0.0.0/0",
                            "source_service_accounts.#": "0",
                            "source_tags.#": "0",
                            "target_service_accounts.#": "0",
                            "target_tags.#": "1",
                            "target_tags.2282622326": "admin"
                        },
                        "meta": {
                            "e2bfb730-ecaa-11e6-8f88-34363bc7c4c0": {
                                "create": 240000000000,
                                "delete": 240000000000,
                                "update": 240000000000
                            },
                            "schema_version": "1"
                        },
                        "tainted": false
                    },
                    "deposed": [],
                    "provider": "provider.google"
                },
                "google_compute_instance.client": {
                    "type": "google_compute_instance",
                    "depends_on": [
                        "google_compute_network.my-network",
                        "google_compute_subnetwork.admin"
                    ],
                    "primary": {
                        "id": "production-client",
                        "attributes": {
                            "attached_disk.#": "0",
                            "boot_disk.#": "1",
                            "boot_disk.0.auto_delete": "true",
                            "boot_disk.0.device_name": "persistent-disk-0",
                            "boot_disk.0.disk_encryption_key_raw": "",
                            "boot_disk.0.disk_encryption_key_sha256": "",
                            "boot_disk.0.initialize_params.#": "1",
                            "boot_disk.0.initialize_params.0.image": "https://www.googleapis.com/compute/v1/projects/centos-cloud/global/images/centos-7-v20190515",
                            "boot_disk.0.initialize_params.0.size": "10",
                            "boot_disk.0.initialize_params.0.type": "pd-standard",
                            "boot_disk.0.kms_key_self_link": "",
                            "boot_disk.0.source": "https://www.googleapis.com/compute/v1/projects/united-lane-241907/zones/europe-north1-a/disks/production-client",
                            "can_ip_forward": "false",
                            "cpu_platform": "Intel Skylake",
                            "deletion_protection": "false",
                            "guest_accelerator.#": "0",
                            "hostname": "",
                            "id": "production-client",
                            "instance_id": "8264980817430421464",
                            "label_fingerprint": "42WmSpB8rSM=",
                            "labels.%": "0",
                            "machine_type": "n1-standard-1",
                            "metadata.%": "0",
                            "metadata_fingerprint": "wRm8HF38ONc=",
                            "metadata_startup_script": "",
                            "min_cpu_platform": "",
                            "name": "production-client",
                            "network_interface.#": "1",
                            "network_interface.0.access_config.#": "1",
                            "network_interface.0.access_config.0.assigned_nat_ip": "",
                            "network_interface.0.access_config.0.nat_ip": "35.228.86.169",
                            "network_interface.0.access_config.0.network_tier": "PREMIUM",
                            "network_interface.0.access_config.0.public_ptr_domain_name": "",
                            "network_interface.0.address": "",
                            "network_interface.0.alias_ip_range.#": "0",
                            "network_interface.0.name": "nic0",
                            "network_interface.0.network": "https://www.googleapis.com/compute/v1/projects/united-lane-241907/global/networks/production",
                            "network_interface.0.network_ip": "10.5.0.10",
                            "network_interface.0.subnetwork": "https://www.googleapis.com/compute/v1/projects/united-lane-241907/regions/europe-north1/subnetworks/production-admin-subnetwork",
                            "network_interface.0.subnetwork_project": "united-lane-241907",
                            "project": "united-lane-241907",
                            "scheduling.#": "1",
                            "scheduling.0.automatic_restart": "true",
                            "scheduling.0.node_affinities.#": "0",
                            "scheduling.0.on_host_maintenance": "MIGRATE",
                            "scheduling.0.preemptible": "false",
                            "scratch_disk.#": "0",
                            "self_link": "https://www.googleapis.com/compute/v1/projects/united-lane-241907/zones/europe-north1-a/instances/production-client",
                            "service_account.#": "0",
                            "shielded_instance_config.#": "0",
                            "tags.#": "1",
                            "tags.2282622326": "admin",
                            "tags_fingerprint": "cPnPpVf2jUk=",
                            "zone": "europe-north1-a"
                        },
                        "meta": {
                            "e2bfb730-ecaa-11e6-8f88-34363bc7c4c0": {
                                "create": 360000000000,
                                "delete": 360000000000,
                                "update": 360000000000
                            },
                            "schema_version": "6"
                        },
                        "tainted": false
                    },
                    "deposed": [],
                    "provider": "provider.google"
                },
                "google_compute_instance.mongodb": {
                    "type": "google_compute_instance",
                    "depends_on": [
                        "google_compute_network.my-network",
                        "google_compute_subnetwork.mongodb"
                    ],
                    "primary": {
                        "id": "production-db",
                        "attributes": {
                            "attached_disk.#": "0",
                            "boot_disk.#": "1",
                            "boot_disk.0.auto_delete": "true",
                            "boot_disk.0.device_name": "persistent-disk-0",
                            "boot_disk.0.disk_encryption_key_raw": "",
                            "boot_disk.0.disk_encryption_key_sha256": "",
                            "boot_disk.0.initialize_params.#": "1",
                            "boot_disk.0.initialize_params.0.image": "https://www.googleapis.com/compute/v1/projects/centos-cloud/global/images/centos-7-v20190515",
                            "boot_disk.0.initialize_params.0.size": "10",
                            "boot_disk.0.initialize_params.0.type": "pd-standard",
                            "boot_disk.0.kms_key_self_link": "",
                            "boot_disk.0.source": "https://www.googleapis.com/compute/v1/projects/united-lane-241907/zones/europe-north1-a/disks/production-db",
                            "can_ip_forward": "false",
                            "cpu_platform": "Intel Skylake",
                            "deletion_protection": "false",
                            "guest_accelerator.#": "0",
                            "hostname": "",
                            "id": "production-db",
                            "instance_id": "2053132525888053208",
                            "label_fingerprint": "42WmSpB8rSM=",
                            "labels.%": "0",
                            "machine_type": "n1-standard-1",
                            "metadata.%": "0",
                            "metadata_fingerprint": "wRm8HF38ONc=",
                            "metadata_startup_script": "",
                            "min_cpu_platform": "",
                            "name": "production-db",
                            "network_interface.#": "1",
                            "network_interface.0.access_config.#": "0",
                            "network_interface.0.address": "",
                            "network_interface.0.alias_ip_range.#": "0",
                            "network_interface.0.name": "nic0",
                            "network_interface.0.network": "https://www.googleapis.com/compute/v1/projects/united-lane-241907/global/networks/production",
                            "network_interface.0.network_ip": "10.9.0.10",
                            "network_interface.0.subnetwork": "https://www.googleapis.com/compute/v1/projects/united-lane-241907/regions/europe-north1/subnetworks/production-mongodb-subnetwork",
                            "network_interface.0.subnetwork_project": "united-lane-241907",
                            "project": "united-lane-241907",
                            "scheduling.#": "1",
                            "scheduling.0.automatic_restart": "true",
                            "scheduling.0.node_affinities.#": "0",
                            "scheduling.0.on_host_maintenance": "MIGRATE",
                            "scheduling.0.preemptible": "false",
                            "scratch_disk.#": "0",
                            "self_link": "https://www.googleapis.com/compute/v1/projects/united-lane-241907/zones/europe-north1-a/instances/production-db",
                            "service_account.#": "0",
                            "shielded_instance_config.#": "0",
                            "tags.#": "1",
                            "tags.2282622326": "admin",
                            "tags_fingerprint": "cPnPpVf2jUk=",
                            "zone": "europe-north1-a"
                        },
                        "meta": {
                            "e2bfb730-ecaa-11e6-8f88-34363bc7c4c0": {
                                "create": 360000000000,
                                "delete": 360000000000,
                                "update": 360000000000
                            },
                            "schema_version": "6"
                        },
                        "tainted": false
                    },
                    "deposed": [],
                    "provider": "provider.google"
                },
                "google_compute_network.my-network": {
                    "type": "google_compute_network",
                    "depends_on": [],
                    "primary": {
                        "id": "production",
                        "attributes": {
                            "auto_create_subnetworks": "false",
                            "delete_default_routes_on_create": "false",
                            "description": "",
                            "gateway_ipv4": "",
                            "id": "production",
                            "ipv4_range": "",
                            "name": "production",
                            "project": "united-lane-241907",
                            "routing_mode": "REGIONAL",
                            "self_link": "https://www.googleapis.com/compute/v1/projects/united-lane-241907/global/networks/production"
                        },
                        "meta": {
                            "e2bfb730-ecaa-11e6-8f88-34363bc7c4c0": {
                                "create": 240000000000,
                                "delete": 240000000000,
                                "update": 240000000000
                            }
                        },
                        "tainted": false
                    },
                    "deposed": [],
                    "provider": "provider.google"
                },
                "google_compute_project_metadata_item.ssh-keys": {
                    "type": "google_compute_project_metadata_item",
                    "depends_on": [],
                    "primary": {
                        "id": "production-ssh-key",
                        "attributes": {
                            "id": "production-ssh-key",
                            "key": "production-ssh-key",
                            "value": "adminl:ssh-rsa AAAAB3NzaC1yc2EAAAADAQABAAABAQC25G/wnpjYHounebrOuLmEjrb3FSpXCTUDATuBXfISLeg4LYUdl6Xdf5gEpnC4tu1vrWJ8Kx8OtJbcErKcaN6fa8x0M8O5C3xyuaAcnjc4wZsJExXZTLE7cuJrdVmtdrn6slA+bYzyecFb35h8S6gO1uyNGNgjbkwdPU/khKzqwHd2gbxg56NNQFMFGwlLV2Lp9BubGD+ksMwUS9G81c0F6qEgdJ3bPfOql03qEwA+HeMdBWlXaA2lPpiV9i6MgbVNGLA6qeUL1sMp3jA5FdRq9SOxVO9fncz9Pbm04k8li0AtN7w/4lYtC0SzL8Y+5zirc32+ovCe9eFWde7Vz0M5 adminl@localhost.localdomain"
                        },
                        "meta": {
                            "e2bfb730-ecaa-11e6-8f88-34363bc7c4c0": {
                                "create": 300000000000,
                                "delete": 300000000000,
                                "update": 300000000000
                            }
                        },
                        "tainted": false
                    },
                    "deposed": [],
                    "provider": "provider.google"
                },
                "google_compute_router.vpc-router": {
                    "type": "google_compute_router",
                    "depends_on": [
                        "google_compute_network.my-network"
                    ],
                    "primary": {
                        "id": "europe-north1/production-router",
                        "attributes": {
                            "bgp.#": "1",
                            "bgp.0.advertise_mode": "DEFAULT",
                            "bgp.0.advertised_groups.#": "0",
                            "bgp.0.advertised_ip_ranges.#": "0",
                            "bgp.0.asn": "64514",
                            "creation_timestamp": "2019-06-04T00:43:23.176-07:00",
                            "description": "",
                            "id": "europe-north1/production-router",
                            "name": "production-router",
                            "network": "https://www.googleapis.com/compute/v1/projects/united-lane-241907/global/networks/production",
                            "project": "united-lane-241907",
                            "region": "europe-north1",
                            "self_link": "https://www.googleapis.com/compute/v1/projects/united-lane-241907/regions/europe-north1/routers/production-router"
                        },
                        "meta": {
                            "e2bfb730-ecaa-11e6-8f88-34363bc7c4c0": {
                                "create": 240000000000,
                                "delete": 240000000000,
                                "update": 240000000000
                            }
                        },
                        "tainted": false
                    },
                    "deposed": [],
                    "provider": "provider.google"
                },
                "google_compute_router_nat.vpc-nat": {
                    "type": "google_compute_router_nat",
                    "depends_on": [
                        "google_compute_network.my-network",
                        "google_compute_router.vpc-router"
                    ],
                    "primary": {
                        "id": "europe-north1/production-router/production-nat",
                        "attributes": {
                            "icmp_idle_timeout_sec": "0",
                            "id": "europe-north1/production-router/production-nat",
                            "min_ports_per_vm": "0",
                            "name": "production-nat",
                            "nat_ip_allocate_option": "AUTO_ONLY",
                            "nat_ips.#": "0",
                            "project": "united-lane-241907",
                            "region": "europe-north1",
                            "router": "production-router",
                            "source_subnetwork_ip_ranges_to_nat": "ALL_SUBNETWORKS_ALL_IP_RANGES",
                            "subnetwork.#": "0",
                            "tcp_established_idle_timeout_sec": "0",
                            "tcp_transitory_idle_timeout_sec": "0",
                            "udp_idle_timeout_sec": "0"
                        },
                        "meta": {
                            "e2bfb730-ecaa-11e6-8f88-34363bc7c4c0": {
                                "create": 600000000000,
                                "delete": 600000000000
                            }
                        },
                        "tainted": false
                    },
                    "deposed": [],
                    "provider": "provider.google"
                },
                "google_compute_subnetwork.admin": {
                    "type": "google_compute_subnetwork",
                    "depends_on": [
                        "google_compute_network.my-network"
                    ],
                    "primary": {
                        "id": "europe-north1/production-admin-subnetwork",
                        "attributes": {
                            "creation_timestamp": "2019-06-04T00:43:23.178-07:00",
                            "description": "",
                            "enable_flow_logs": "false",
                            "fingerprint": "kevrae0wWBA=",
                            "gateway_address": "10.5.0.1",
                            "id": "europe-north1/production-admin-subnetwork",
                            "ip_cidr_range": "10.5.0.0/21",
                            "name": "production-admin-subnetwork",
                            "network": "https://www.googleapis.com/compute/v1/projects/united-lane-241907/global/networks/production",
                            "private_ip_google_access": "false",
                            "project": "united-lane-241907",
                            "region": "europe-north1",
                            "secondary_ip_range.#": "0",
                            "self_link": "https://www.googleapis.com/compute/v1/projects/united-lane-241907/regions/europe-north1/subnetworks/production-admin-subnetwork"
                        },
                        "meta": {
                            "e2bfb730-ecaa-11e6-8f88-34363bc7c4c0": {
                                "create": 360000000000,
                                "delete": 360000000000,
                                "update": 360000000000
                            }
                        },
                        "tainted": false
                    },
                    "deposed": [],
                    "provider": "provider.google"
                },
                "google_compute_subnetwork.kube": {
                    "type": "google_compute_subnetwork",
                    "depends_on": [
                        "google_compute_network.my-network"
                    ],
                    "primary": {
                        "id": "europe-north1/prod-kube-subnetwork-pod",
                        "attributes": {
                            "creation_timestamp": "2019-06-04T00:43:23.174-07:00",
                            "description": "",
                            "enable_flow_logs": "false",
                            "fingerprint": "MO6Xa7dXkmg=",
                            "gateway_address": "10.6.0.1",
                            "id": "europe-north1/prod-kube-subnetwork-pod",
                            "ip_cidr_range": "10.6.0.0/21",
                            "name": "prod-kube-subnetwork-pod",
                            "network": "https://www.googleapis.com/compute/v1/projects/united-lane-241907/global/networks/production",
                            "private_ip_google_access": "false",
                            "project": "united-lane-241907",
                            "region": "europe-north1",
                            "secondary_ip_range.#": "2",
                            "secondary_ip_range.0.ip_cidr_range": "10.7.0.0/21",
                            "secondary_ip_range.0.range_name": "prod-kube-subnetwork-node",
                            "secondary_ip_range.1.ip_cidr_range": "10.8.0.0/21",
                            "secondary_ip_range.1.range_name": "prod-kube-subnetwork-serv",
                            "self_link": "https://www.googleapis.com/compute/v1/projects/united-lane-241907/regions/europe-north1/subnetworks/prod-kube-subnetwork-pod"
                        },
                        "meta": {
                            "e2bfb730-ecaa-11e6-8f88-34363bc7c4c0": {
                                "create": 360000000000,
                                "delete": 360000000000,
                                "update": 360000000000
                            }
                        },
                        "tainted": false
                    },
                    "deposed": [],
                    "provider": "provider.google"
                },
                "google_compute_subnetwork.mongodb": {
                    "type": "google_compute_subnetwork",
                    "depends_on": [
                        "google_compute_network.my-network"
                    ],
                    "primary": {
                        "id": "europe-north1/production-mongodb-subnetwork",
                        "attributes": {
                            "creation_timestamp": "2019-06-04T00:43:23.176-07:00",
                            "description": "",
                            "enable_flow_logs": "false",
                            "fingerprint": "m7YCZP0Xwro=",
                            "gateway_address": "10.9.0.1",
                            "id": "europe-north1/production-mongodb-subnetwork",
                            "ip_cidr_range": "10.9.0.0/21",
                            "name": "production-mongodb-subnetwork",
                            "network": "https://www.googleapis.com/compute/v1/projects/united-lane-241907/global/networks/production",
                            "private_ip_google_access": "false",
                            "project": "united-lane-241907",
                            "region": "europe-north1",
                            "secondary_ip_range.#": "0",
                            "self_link": "https://www.googleapis.com/compute/v1/projects/united-lane-241907/regions/europe-north1/subnetworks/production-mongodb-subnetwork"
                        },
                        "meta": {
                            "e2bfb730-ecaa-11e6-8f88-34363bc7c4c0": {
                                "create": 360000000000,
                                "delete": 360000000000,
                                "update": 360000000000
                            }
                        },
                        "tainted": false
                    },
                    "deposed": [],
                    "provider": "provider.google"
                },
                "google_container_cluster.primary": {
                    "type": "google_container_cluster",
                    "depends_on": [
                        "google_compute_network.my-network",
                        "google_compute_subnetwork.kube"
                    ],
                    "primary": {
                        "id": "prod-cluster",
                        "attributes": {
                            "additional_zones.#": "0",
                            "addons_config.#": "1",
                            "addons_config.0.horizontal_pod_autoscaling.#": "0",
                            "addons_config.0.http_load_balancing.#": "0",
                            "addons_config.0.kubernetes_dashboard.#": "1",
                            "addons_config.0.kubernetes_dashboard.0.disabled": "true",
                            "addons_config.0.network_policy_config.#": "1",
                            "addons_config.0.network_policy_config.0.disabled": "true",
                            "cluster_autoscaling.#": "0",
                            "cluster_ipv4_cidr": "10.7.0.0/21",
                            "description": "",
                            "enable_kubernetes_alpha": "false",
                            "enable_legacy_abac": "false",
                            "endpoint": "10.15.0.2",
                            "id": "prod-cluster",
                            "initial_node_count": "2",
                            "instance_group_urls.#": "0",
                            "ip_allocation_policy.#": "1",
                            "ip_allocation_policy.0.cluster_ipv4_cidr_block": "10.7.0.0/21",
                            "ip_allocation_policy.0.cluster_secondary_range_name": "prod-kube-subnetwork-node",
                            "ip_allocation_policy.0.create_subnetwork": "false",
                            "ip_allocation_policy.0.node_ipv4_cidr_block": "10.6.0.0/21",
                            "ip_allocation_policy.0.services_ipv4_cidr_block": "10.8.0.0/21",
                            "ip_allocation_policy.0.services_secondary_range_name": "prod-kube-subnetwork-serv",
                            "ip_allocation_policy.0.subnetwork_name": "",
                            "ip_allocation_policy.0.use_ip_aliases": "true",
                            "location": "europe-north1-a",
                            "logging_service": "logging.googleapis.com",
                            "maintenance_policy.#": "0",
                            "master_auth.#": "1",
                            "master_auth.0.client_certificate": "",
                            "master_auth.0.client_certificate_config.#": "1",
                            "master_auth.0.client_certificate_config.0.issue_client_certificate": "false",
                            "master_auth.0.client_key": "",
                            "master_auth.0.cluster_ca_certificate": "LS0tLS1CRUdJTiBDRVJUSUZJQ0FURS0tLS0tCk1JSURERENDQWZTZ0F3SUJBZ0lSQUtEMVgxVTJQOS9rTElKZy82UWpZTGN3RFFZSktvWklodmNOQVFFTEJRQXcKTHpFdE1Dc0dBMVVFQXhNa01qVXhNV05pT0dNdE1EZzBPQzAwWWpSaExXRmlaVFV0TXpFelptWmhORE0zTnpBeApNQjRYRFRFNU1EWXdOREEyTkRRek1Gb1hEVEkwTURZd01qQTNORFF6TUZvd0x6RXRNQ3NHQTFVRUF4TWtNalV4Ck1XTmlPR010TURnME9DMDBZalJoTFdGaVpUVXRNekV6Wm1aaE5ETTNOekF4TUlJQklqQU5CZ2txaGtpRzl3MEIKQVFFRkFBT0NBUThBTUlJQkNnS0NBUUVBbzVtWENUVVRERCtjN1ZRb3BXOWRIbXQxelRwak4wNHpyaXRlLzg3dAp3dnVVN0JGcU1mZkFoek83a0o5b2QyNVdzL1RCaE8zNmkrajQvVWxCelV3WU1zV0lEOVhmd2d4NCsyaktLdGNLCmhjVGRRV3ZiUUdpOG1DdmFKRXlzZUFUTWRSM29lTkgvQ210M21nY1I1NGxTVy9BQ2hhNWoxQnBuVlN2eGVlajUKVkkrbUU1bFZxbTcwa0w3c0VZZ0N5RWhOVmRQT2d5Z2xqRGFTY24xZVM0K1hjVC9XZXdkdVVJcjZDY0RXNTg2MwpjZ1ZleitrV1Q0QzNPcWVGWkFaYmFRWWhUcEQxQTdBWGhVa3BwQkhmOWsvZGdNeCszeWhSdzhiU2QzcUZyUENnCnMwakQ2YTF1ZEVvVkhBWmkyQno5T016dW1TK2pOdTRTYTFMZlpxdGNUYmUvOFFJREFRQUJveU13SVRBT0JnTlYKSFE4QkFmOEVCQU1DQWdRd0R3WURWUjBUQVFIL0JBVXdBd0VCL3pBTkJna3Foa2lHOXcwQkFRc0ZBQU9DQVFFQQpXU0cwWC9Vd3RFSmZ6NS80NTl4Q2xJYVRjTFA5OUlOdE1uZU1vSEJqbnl6YWtjU3hIUFRONmxqYkVmNDdOdk9SCk02Qjhuc1NaeDlibHZNazdQYnV0bHRtank5OG5FTFNSeThOT0lvM24rK2w0ZWdYdStVS0xPb0srWG80ZTJVWksKK0tUZ1hpMVhWT2YzWUhPODIvYWdJaGJtOTI5RnF3Nkl1REFzRGY3d1dWaXl5cDJzdEtZclhPS3VxSG9oZnJOagpadzZXZ2swbkxjWncxMXF6Vmh3UHFZaVJTL3FIK2FaaWJvU3U2U3I2ekc0Y29DWnBwM2lra2M2NWVmNW5kZTJSCnEza3NjWXNURXJYc1ZFSzNmWlY4YTlUY29YTXBON0xQS2ZCNUp6aTBHVXNQak1PYmpiRksyM0NSbzFtcGpvQS8KbzlwL1pobUxMN2YzRzRFOTV4cW9VZz09Ci0tLS0tRU5EIENFUlRJRklDQVRFLS0tLS0K",
                            "master_auth.0.password": "BOURNE02-08-1984",
                            "master_auth.0.username": "adminl",
                            "master_authorized_networks_config.#": "1",
                            "master_authorized_networks_config.0.cidr_blocks.#": "1",
                            "master_authorized_networks_config.0.cidr_blocks.3191155364.cidr_block": "10.5.0.0/24",
                            "master_authorized_networks_config.0.cidr_blocks.3191155364.display_name": "acces-admin",
                            "master_version": "1.12.7-gke.10",
                            "monitoring_service": "monitoring.googleapis.com",
                            "name": "prod-cluster",
                            "network": "projects/united-lane-241907/global/networks/production",
                            "network_policy.#": "1",
                            "network_policy.0.enabled": "false",
                            "network_policy.0.provider": "PROVIDER_UNSPECIFIED",
                            "node_config.#": "0",
                            "node_locations.#": "0",
                            "node_pool.#": "0",
                            "node_version": "1.12.7-gke.10",
                            "private_cluster_config.#": "1",
                            "private_cluster_config.0.enable_private_endpoint": "true",
                            "private_cluster_config.0.enable_private_nodes": "true",
                            "private_cluster_config.0.master_ipv4_cidr_block": "10.15.0.0/28",
                            "private_cluster_config.0.private_endpoint": "10.15.0.2",
                            "private_cluster_config.0.public_endpoint": "35.228.49.255",
                            "project": "united-lane-241907",
                            "remove_default_node_pool": "true",
                            "resource_labels.%": "0",
                            "subnetwork": "projects/united-lane-241907/regions/europe-north1/subnetworks/prod-kube-subnetwork-pod",
                            "zone": "europe-north1-a"
                        },
                        "meta": {
                            "e2bfb730-ecaa-11e6-8f88-34363bc7c4c0": {
                                "create": 1800000000000,
                                "delete": 1800000000000,
                                "update": 1800000000000
                            },
                            "schema_version": "1"
                        },
                        "tainted": false
                    },
                    "deposed": [],
                    "provider": "provider.google"
                },
                "google_container_node_pool.machine1": {
                    "type": "google_container_node_pool",
                    "depends_on": [
                        "google_container_cluster.primary"
                    ],
                    "primary": {
                        "id": "europe-north1-a/prod-cluster/prod-pool-1",
                        "attributes": {
                            "cluster": "prod-cluster",
                            "id": "europe-north1-a/prod-cluster/prod-pool-1",
                            "initial_node_count": "1",
                            "instance_group_urls.#": "1",
                            "instance_group_urls.0": "https://www.googleapis.com/compute/v1/projects/united-lane-241907/zones/europe-north1-a/instanceGroupManagers/gke-prod-cluster-prod-pool-1-174002df-grp",
                            "location": "europe-north1-a",
                            "management.#": "1",
                            "management.0.auto_repair": "false",
                            "management.0.auto_upgrade": "false",
                            "name": "prod-pool-1",
                            "name_prefix": "",
                            "node_config.#": "1",
                            "node_config.0.disk_size_gb": "100",
                            "node_config.0.disk_type": "pd-standard",
                            "node_config.0.guest_accelerator.#": "0",
                            "node_config.0.image_type": "COS",
                            "node_config.0.labels.%": "0",
                            "node_config.0.local_ssd_count": "0",
                            "node_config.0.machine_type": "n1-standard-1",
                            "node_config.0.metadata.%": "1",
                            "node_config.0.metadata.disable-legacy-endpoints": "true",
                            "node_config.0.min_cpu_platform": "",
                            "node_config.0.oauth_scopes.#": "2",
                            "node_config.0.oauth_scopes.1277378754": "https://www.googleapis.com/auth/monitoring",
                            "node_config.0.oauth_scopes.172152165": "https://www.googleapis.com/auth/logging.write",
                            "node_config.0.preemptible": "true",
                            "node_config.0.service_account": "default",
                            "node_config.0.tags.#": "0",
                            "node_config.0.taint.#": "0",
                            "node_config.0.workload_metadata_config.#": "0",
                            "node_count": "1",
                            "project": "united-lane-241907",
                            "version": "1.12.7-gke.10",
                            "zone": "europe-north1-a"
                        },
                        "meta": {
                            "e2bfb730-ecaa-11e6-8f88-34363bc7c4c0": {
                                "create": 1800000000000,
                                "delete": 600000000000,
                                "update": 600000000000
                            },
                            "schema_version": "1"
                        },
                        "tainted": false
                    },
                    "deposed": [],
                    "provider": "provider.google"
                },
                "google_container_node_pool.machine2": {
                    "type": "google_container_node_pool",
                    "depends_on": [
                        "google_container_cluster.primary"
                    ],
                    "primary": {
                        "id": "europe-north1-a/prod-cluster/prod-pool-2",
                        "attributes": {
                            "cluster": "prod-cluster",
                            "id": "europe-north1-a/prod-cluster/prod-pool-2",
                            "initial_node_count": "1",
                            "instance_group_urls.#": "1",
                            "instance_group_urls.0": "https://www.googleapis.com/compute/v1/projects/united-lane-241907/zones/europe-north1-a/instanceGroupManagers/gke-prod-cluster-prod-pool-2-aba6d02d-grp",
                            "location": "europe-north1-a",
                            "management.#": "1",
                            "management.0.auto_repair": "false",
                            "management.0.auto_upgrade": "false",
                            "name": "prod-pool-2",
                            "name_prefix": "",
                            "node_config.#": "1",
                            "node_config.0.disk_size_gb": "100",
                            "node_config.0.disk_type": "pd-standard",
                            "node_config.0.guest_accelerator.#": "0",
                            "node_config.0.image_type": "COS",
                            "node_config.0.labels.%": "0",
                            "node_config.0.local_ssd_count": "0",
                            "node_config.0.machine_type": "n1-standard-1",
                            "node_config.0.metadata.%": "1",
                            "node_config.0.metadata.disable-legacy-endpoints": "true",
                            "node_config.0.min_cpu_platform": "",
                            "node_config.0.oauth_scopes.#": "2",
                            "node_config.0.oauth_scopes.1277378754": "https://www.googleapis.com/auth/monitoring",
                            "node_config.0.oauth_scopes.172152165": "https://www.googleapis.com/auth/logging.write",
                            "node_config.0.preemptible": "true",
                            "node_config.0.service_account": "default",
                            "node_config.0.tags.#": "0",
                            "node_config.0.taint.#": "0",
                            "node_config.0.workload_metadata_config.#": "0",
                            "node_count": "1",
                            "project": "united-lane-241907",
                            "version": "1.12.7-gke.10",
                            "zone": "europe-north1-a"
                        },
                        "meta": {
                            "e2bfb730-ecaa-11e6-8f88-34363bc7c4c0": {
                                "create": 1800000000000,
                                "delete": 600000000000,
                                "update": 600000000000
                            },
                            "schema_version": "1"
                        },
                        "tainted": false
                    },
                    "deposed": [],
                    "provider": "provider.google"
                }
            },
            "depends_on": []
        }
    ]
}
